
Microsoft Visual Studio Solution File, Format Version 12.00
# Visual Studio Version 16
VisualStudioVersion = 16.0.31702.278
MinimumVisualStudioVersion = 10.0.40219.1
Project("{9A19103F-16F7-4668-BE54-9A1E7A4F7556}") = "ComputerStore", "ComputerStore\ComputerStore.csproj", "{B14E804E-4E00-43C0-BFA3-CDD3F7540E40}"
EndProject
Project("{9A19103F-16F7-4668-BE54-9A1E7A4F7556}") = "TheLift", "TheLift\TheLift.csproj", "{4BC516A7-EE61-493B-8AC9-F7A66002ABD7}"
EndProject
Project("{FAE04EC0-301F-11D3-BF4B-00C04F79EFBC}") = "MemoryGame", "MemoryGame\MemoryGame.csproj", "{8825E74F-569D-46C6-A312-661665E505C3}"
EndProject
Global
	GlobalSection(SolutionConfigurationPlatforms) = preSolution
		Debug|Any CPU = Debug|Any CPU
		Release|Any CPU = Release|Any CPU
	EndGlobalSection
	GlobalSection(ProjectConfigurationPlatforms) = postSolution
		{B14E804E-4E00-43C0-BFA3-CDD3F7540E40}.Debug|Any CPU.ActiveCfg = Debug|Any CPU
		{B14E804E-4E00-43C0-BFA3-CDD3F7540E40}.Debug|Any CPU.Build.0 = Debug|Any CPU
		{B14E804E-4E00-43C0-BFA3-CDD3F7540E40}.Release|Any CPU.ActiveCfg = Release|Any CPU
		{B14E804E-4E00-43C0-BFA3-CDD3F7540E40}.Release|Any CPU.Build.0 = Release|Any CPU
		{4BC516A7-EE61-493B-8AC9-F7A66002ABD7}.Debug|Any CPU.ActiveCfg = Debug|Any CPU
		{4BC516A7-EE61-493B-8AC9-F7A66002ABD7}.Debug|Any CPU.Build.0 = Debug|Any CPU
		{4BC516A7-EE61-493B-8AC9-F7A66002ABD7}.Release|Any CPU.ActiveCfg = Release|Any CPU
		{4BC516A7-EE61-493B-8AC9-F7A66002ABD7}.Release|Any CPU.Build.0 = Release|Any CPU
		{8825E74F-569D-46C6-A312-661665E505C3}.Debug|Any CPU.ActiveCfg = Debug|Any CPU
		{8825E74F-569D-46C6-A312-661665E505C3}.Debug|Any CPU.Build.0 = Debug|Any CPU
		{8825E74F-569D-46C6-A312-661665E505C3}.Release|Any CPU.ActiveCfg = Release|Any CPU
		{8825E74F-569D-46C6-A312-661665E505C3}.Release|Any CPU.Build.0 = Release|Any CPU
	EndGlobalSection
	GlobalSection(SolutionProperties) = preSolution
		HideSolutionNode = FALSE
	EndGlobalSection
	GlobalSection(ExtensibilityGlobals) = postSolution
		SolutionGuid = {6065CCED-C8B0-44CB-B085-EEDD24443ABC}
	EndGlobalSection
EndGlobal
