
Microsoft Visual Studio Solution File, Format Version 12.00
# Visual Studio Version 16
VisualStudioVersion = 16.0.31702.278
MinimumVisualStudioVersion = 10.0.40219.1
Project("{9A19103F-16F7-4668-BE54-9A1E7A4F7556}") = "RandomizeWords", "RandomizeWords\RandomizeWords.csproj", "{99F8091E-ED68-45F7-B303-90272D0B0924}"
EndProject
Project("{9A19103F-16F7-4668-BE54-9A1E7A4F7556}") = "BigFactorial", "BigFactorial\BigFactorial.csproj", "{8CA81CBA-5444-424B-8F9B-AA7A9A257877}"
EndProject
Project("{9A19103F-16F7-4668-BE54-9A1E7A4F7556}") = "Songs", "Songs\Songs.csproj", "{AA310550-8C46-4938-96F9-68E91F25BF94}"
EndProject
Project("{9A19103F-16F7-4668-BE54-9A1E7A4F7556}") = "Students", "Students\Students.csproj", "{3C606352-E5E0-4548-9F27-4D888324BF85}"
EndProject
Project("{9A19103F-16F7-4668-BE54-9A1E7A4F7556}") = "Students2.0", "Students2.0\Students2.0.csproj", "{D8BB46E0-D568-4A3F-A29B-F5D7B55B19D8}"
EndProject
Project("{9A19103F-16F7-4668-BE54-9A1E7A4F7556}") = "StoreBoxes", "StoreBoxes\StoreBoxes.csproj", "{46798C76-48F0-4D2B-ABBC-142DE2200CB1}"
EndProject
Project("{FAE04EC0-301F-11D3-BF4B-00C04F79EFBC}") = "VehicleCatalogue", "VehicleCatalogue\VehicleCatalogue.csproj", "{F7379F75-3A68-4782-99B6-59A4C7931BDB}"
EndProject
Global
	GlobalSection(SolutionConfigurationPlatforms) = preSolution
		Debug|Any CPU = Debug|Any CPU
		Release|Any CPU = Release|Any CPU
	EndGlobalSection
	GlobalSection(ProjectConfigurationPlatforms) = postSolution
		{99F8091E-ED68-45F7-B303-90272D0B0924}.Debug|Any CPU.ActiveCfg = Debug|Any CPU
		{99F8091E-ED68-45F7-B303-90272D0B0924}.Debug|Any CPU.Build.0 = Debug|Any CPU
		{99F8091E-ED68-45F7-B303-90272D0B0924}.Release|Any CPU.ActiveCfg = Release|Any CPU
		{99F8091E-ED68-45F7-B303-90272D0B0924}.Release|Any CPU.Build.0 = Release|Any CPU
		{8CA81CBA-5444-424B-8F9B-AA7A9A257877}.Debug|Any CPU.ActiveCfg = Debug|Any CPU
		{8CA81CBA-5444-424B-8F9B-AA7A9A257877}.Debug|Any CPU.Build.0 = Debug|Any CPU
		{8CA81CBA-5444-424B-8F9B-AA7A9A257877}.Release|Any CPU.ActiveCfg = Release|Any CPU
		{8CA81CBA-5444-424B-8F9B-AA7A9A257877}.Release|Any CPU.Build.0 = Release|Any CPU
		{AA310550-8C46-4938-96F9-68E91F25BF94}.Debug|Any CPU.ActiveCfg = Debug|Any CPU
		{AA310550-8C46-4938-96F9-68E91F25BF94}.Debug|Any CPU.Build.0 = Debug|Any CPU
		{AA310550-8C46-4938-96F9-68E91F25BF94}.Release|Any CPU.ActiveCfg = Release|Any CPU
		{AA310550-8C46-4938-96F9-68E91F25BF94}.Release|Any CPU.Build.0 = Release|Any CPU
		{3C606352-E5E0-4548-9F27-4D888324BF85}.Debug|Any CPU.ActiveCfg = Debug|Any CPU
		{3C606352-E5E0-4548-9F27-4D888324BF85}.Debug|Any CPU.Build.0 = Debug|Any CPU
		{3C606352-E5E0-4548-9F27-4D888324BF85}.Release|Any CPU.ActiveCfg = Release|Any CPU
		{3C606352-E5E0-4548-9F27-4D888324BF85}.Release|Any CPU.Build.0 = Release|Any CPU
		{D8BB46E0-D568-4A3F-A29B-F5D7B55B19D8}.Debug|Any CPU.ActiveCfg = Debug|Any CPU
		{D8BB46E0-D568-4A3F-A29B-F5D7B55B19D8}.Debug|Any CPU.Build.0 = Debug|Any CPU
		{D8BB46E0-D568-4A3F-A29B-F5D7B55B19D8}.Release|Any CPU.ActiveCfg = Release|Any CPU
		{D8BB46E0-D568-4A3F-A29B-F5D7B55B19D8}.Release|Any CPU.Build.0 = Release|Any CPU
		{46798C76-48F0-4D2B-ABBC-142DE2200CB1}.Debug|Any CPU.ActiveCfg = Debug|Any CPU
		{46798C76-48F0-4D2B-ABBC-142DE2200CB1}.Debug|Any CPU.Build.0 = Debug|Any CPU
		{46798C76-48F0-4D2B-ABBC-142DE2200CB1}.Release|Any CPU.ActiveCfg = Release|Any CPU
		{46798C76-48F0-4D2B-ABBC-142DE2200CB1}.Release|Any CPU.Build.0 = Release|Any CPU
		{F7379F75-3A68-4782-99B6-59A4C7931BDB}.Debug|Any CPU.ActiveCfg = Debug|Any CPU
		{F7379F75-3A68-4782-99B6-59A4C7931BDB}.Debug|Any CPU.Build.0 = Debug|Any CPU
		{F7379F75-3A68-4782-99B6-59A4C7931BDB}.Release|Any CPU.ActiveCfg = Release|Any CPU
		{F7379F75-3A68-4782-99B6-59A4C7931BDB}.Release|Any CPU.Build.0 = Release|Any CPU
	EndGlobalSection
	GlobalSection(SolutionProperties) = preSolution
		HideSolutionNode = FALSE
	EndGlobalSection
	GlobalSection(ExtensibilityGlobals) = postSolution
		SolutionGuid = {5CF2E6A3-355A-479F-BCE4-9FDB54ADCA9D}
	EndGlobalSection
EndGlobal
