
Microsoft Visual Studio Solution File, Format Version 12.00
# Visual Studio Version 17
VisualStudioVersion = 17.2.32630.192
MinimumVisualStudioVersion = 10.0.40219.1
Project("{9A19103F-16F7-4668-BE54-9A1E7A4F7556}") = "SuperMario", "SuperMario\SuperMario.csproj", "{5C278E32-AF7E-4034-8347-F2F11CE32020}"
EndProject
Project("{9A19103F-16F7-4668-BE54-9A1E7A4F7556}") = "WarmWinter", "WarmWinter\WarmWinter.csproj", "{7BC2C5D1-51D6-4291-A788-3F2AFD401BD3}"
EndProject
Project("{FAE04EC0-301F-11D3-BF4B-00C04F79EFBC}") = "CocktailParty", "CocktailParty\CocktailParty.csproj", "{A5646EE6-65F5-4FB4-8504-594946079641}"
EndProject
Global
	GlobalSection(SolutionConfigurationPlatforms) = preSolution
		Debug|Any CPU = Debug|Any CPU
		Release|Any CPU = Release|Any CPU
	EndGlobalSection
	GlobalSection(ProjectConfigurationPlatforms) = postSolution
		{5C278E32-AF7E-4034-8347-F2F11CE32020}.Debug|Any CPU.ActiveCfg = Debug|Any CPU
		{5C278E32-AF7E-4034-8347-F2F11CE32020}.Debug|Any CPU.Build.0 = Debug|Any CPU
		{5C278E32-AF7E-4034-8347-F2F11CE32020}.Release|Any CPU.ActiveCfg = Release|Any CPU
		{5C278E32-AF7E-4034-8347-F2F11CE32020}.Release|Any CPU.Build.0 = Release|Any CPU
		{7BC2C5D1-51D6-4291-A788-3F2AFD401BD3}.Debug|Any CPU.ActiveCfg = Debug|Any CPU
		{7BC2C5D1-51D6-4291-A788-3F2AFD401BD3}.Debug|Any CPU.Build.0 = Debug|Any CPU
		{7BC2C5D1-51D6-4291-A788-3F2AFD401BD3}.Release|Any CPU.ActiveCfg = Release|Any CPU
		{7BC2C5D1-51D6-4291-A788-3F2AFD401BD3}.Release|Any CPU.Build.0 = Release|Any CPU
		{A5646EE6-65F5-4FB4-8504-594946079641}.Debug|Any CPU.ActiveCfg = Debug|Any CPU
		{A5646EE6-65F5-4FB4-8504-594946079641}.Debug|Any CPU.Build.0 = Debug|Any CPU
		{A5646EE6-65F5-4FB4-8504-594946079641}.Release|Any CPU.ActiveCfg = Release|Any CPU
		{A5646EE6-65F5-4FB4-8504-594946079641}.Release|Any CPU.Build.0 = Release|Any CPU
	EndGlobalSection
	GlobalSection(SolutionProperties) = preSolution
		HideSolutionNode = FALSE
	EndGlobalSection
	GlobalSection(ExtensibilityGlobals) = postSolution
		SolutionGuid = {B03FBA83-9848-4007-B0DC-D3273FC67CC8}
	EndGlobalSection
EndGlobal
