
Microsoft Visual Studio Solution File, Format Version 12.00
# Visual Studio Version 16
VisualStudioVersion = 16.0.31702.278
MinimumVisualStudioVersion = 10.0.40219.1
Project("{FAE04EC0-301F-11D3-BF4B-00C04F79EFBC}") = "Shapes", "Shapes\Shapes.csproj", "{6345A6F7-5E61-4CCF-849E-E6321913E556}"
EndProject
Global
	GlobalSection(SolutionConfigurationPlatforms) = preSolution
		Debug|Any CPU = Debug|Any CPU
		Release|Any CPU = Release|Any CPU
	EndGlobalSection
	GlobalSection(ProjectConfigurationPlatforms) = postSolution
		{6345A6F7-5E61-4CCF-849E-E6321913E556}.Debug|Any CPU.ActiveCfg = Debug|Any CPU
		{6345A6F7-5E61-4CCF-849E-E6321913E556}.Debug|Any CPU.Build.0 = Debug|Any CPU
		{6345A6F7-5E61-4CCF-849E-E6321913E556}.Release|Any CPU.ActiveCfg = Release|Any CPU
		{6345A6F7-5E61-4CCF-849E-E6321913E556}.Release|Any CPU.Build.0 = Release|Any CPU
	EndGlobalSection
	GlobalSection(SolutionProperties) = preSolution
		HideSolutionNode = FALSE
	EndGlobalSection
	GlobalSection(ExtensibilityGlobals) = postSolution
		SolutionGuid = {88E0A3CB-F9ED-4EE8-981B-26BAD304EF22}
	EndGlobalSection
EndGlobal
