
Microsoft Visual Studio Solution File, Format Version 12.00
# Visual Studio Version 16
VisualStudioVersion = 16.0.31702.278
MinimumVisualStudioVersion = 10.0.40219.1
Project("{9A19103F-16F7-4668-BE54-9A1E7A4F7556}") = "WinningTicket", "WinningTicket\WinningTicket.csproj", "{7ACAADE6-87D0-4C9E-9F9A-A5397D9413E7}"
EndProject
Project("{9A19103F-16F7-4668-BE54-9A1E7A4F7556}") = "RageQuit", "RageQuit\RageQuit.csproj", "{18643FB8-CED8-439C-9A1C-C818C267BCA4}"
EndProject
Project("{FAE04EC0-301F-11D3-BF4B-00C04F79EFBC}") = "PostOffice", "PostOffice\PostOffice.csproj", "{B72BD620-0970-4A34-9941-D00CF4F05F6D}"
EndProject
Global
	GlobalSection(SolutionConfigurationPlatforms) = preSolution
		Debug|Any CPU = Debug|Any CPU
		Release|Any CPU = Release|Any CPU
	EndGlobalSection
	GlobalSection(ProjectConfigurationPlatforms) = postSolution
		{7ACAADE6-87D0-4C9E-9F9A-A5397D9413E7}.Debug|Any CPU.ActiveCfg = Debug|Any CPU
		{7ACAADE6-87D0-4C9E-9F9A-A5397D9413E7}.Debug|Any CPU.Build.0 = Debug|Any CPU
		{7ACAADE6-87D0-4C9E-9F9A-A5397D9413E7}.Release|Any CPU.ActiveCfg = Release|Any CPU
		{7ACAADE6-87D0-4C9E-9F9A-A5397D9413E7}.Release|Any CPU.Build.0 = Release|Any CPU
		{18643FB8-CED8-439C-9A1C-C818C267BCA4}.Debug|Any CPU.ActiveCfg = Debug|Any CPU
		{18643FB8-CED8-439C-9A1C-C818C267BCA4}.Debug|Any CPU.Build.0 = Debug|Any CPU
		{18643FB8-CED8-439C-9A1C-C818C267BCA4}.Release|Any CPU.ActiveCfg = Release|Any CPU
		{18643FB8-CED8-439C-9A1C-C818C267BCA4}.Release|Any CPU.Build.0 = Release|Any CPU
		{B72BD620-0970-4A34-9941-D00CF4F05F6D}.Debug|Any CPU.ActiveCfg = Debug|Any CPU
		{B72BD620-0970-4A34-9941-D00CF4F05F6D}.Debug|Any CPU.Build.0 = Debug|Any CPU
		{B72BD620-0970-4A34-9941-D00CF4F05F6D}.Release|Any CPU.ActiveCfg = Release|Any CPU
		{B72BD620-0970-4A34-9941-D00CF4F05F6D}.Release|Any CPU.Build.0 = Release|Any CPU
	EndGlobalSection
	GlobalSection(SolutionProperties) = preSolution
		HideSolutionNode = FALSE
	EndGlobalSection
	GlobalSection(ExtensibilityGlobals) = postSolution
		SolutionGuid = {91382FCD-4BCB-43A4-95B4-1965D85870FB}
	EndGlobalSection
EndGlobal
