
Microsoft Visual Studio Solution File, Format Version 12.00
# Visual Studio Version 16
VisualStudioVersion = 16.0.31702.278
MinimumVisualStudioVersion = 10.0.40219.1
Project("{9A19103F-16F7-4668-BE54-9A1E7A4F7556}") = "SumMatrixElements", "SumMatrixElements\SumMatrixElements.csproj", "{9248171E-B05E-4EB2-B26B-1034504A95B4}"
EndProject
Project("{FAE04EC0-301F-11D3-BF4B-00C04F79EFBC}") = "SumMatrixColumns", "SumMatrixColumns\SumMatrixColumns.csproj", "{12E97C05-1E64-46AC-813B-7F672045B7C4}"
EndProject
Global
	GlobalSection(SolutionConfigurationPlatforms) = preSolution
		Debug|Any CPU = Debug|Any CPU
		Release|Any CPU = Release|Any CPU
	EndGlobalSection
	GlobalSection(ProjectConfigurationPlatforms) = postSolution
		{9248171E-B05E-4EB2-B26B-1034504A95B4}.Debug|Any CPU.ActiveCfg = Debug|Any CPU
		{9248171E-B05E-4EB2-B26B-1034504A95B4}.Debug|Any CPU.Build.0 = Debug|Any CPU
		{9248171E-B05E-4EB2-B26B-1034504A95B4}.Release|Any CPU.ActiveCfg = Release|Any CPU
		{9248171E-B05E-4EB2-B26B-1034504A95B4}.Release|Any CPU.Build.0 = Release|Any CPU
		{12E97C05-1E64-46AC-813B-7F672045B7C4}.Debug|Any CPU.ActiveCfg = Debug|Any CPU
		{12E97C05-1E64-46AC-813B-7F672045B7C4}.Debug|Any CPU.Build.0 = Debug|Any CPU
		{12E97C05-1E64-46AC-813B-7F672045B7C4}.Release|Any CPU.ActiveCfg = Release|Any CPU
		{12E97C05-1E64-46AC-813B-7F672045B7C4}.Release|Any CPU.Build.0 = Release|Any CPU
	EndGlobalSection
	GlobalSection(SolutionProperties) = preSolution
		HideSolutionNode = FALSE
	EndGlobalSection
	GlobalSection(ExtensibilityGlobals) = postSolution
		SolutionGuid = {8824D803-AB1F-42B5-8BEA-37F10C195621}
	EndGlobalSection
EndGlobal
