
Microsoft Visual Studio Solution File, Format Version 12.00
# Visual Studio Version 16
VisualStudioVersion = 16.0.31702.278
MinimumVisualStudioVersion = 10.0.40219.1
Project("{9A19103F-16F7-4668-BE54-9A1E7A4F7556}") = "UniqueUsernames", "UniqueUsernames\UniqueUsernames.csproj", "{A98C8924-2C0A-4121-B842-A26D02AAE60A}"
EndProject
Project("{9A19103F-16F7-4668-BE54-9A1E7A4F7556}") = "SetsOfElements", "SetsOfElements\SetsOfElements.csproj", "{5A28B7E6-D9A3-4F26-8577-5B0CF1DC1D89}"
EndProject
Project("{FAE04EC0-301F-11D3-BF4B-00C04F79EFBC}") = "PeriodicTable", "PeriodicTable\PeriodicTable.csproj", "{36527E36-EE0F-4686-B634-28823528BFC5}"
EndProject
Global
	GlobalSection(SolutionConfigurationPlatforms) = preSolution
		Debug|Any CPU = Debug|Any CPU
		Release|Any CPU = Release|Any CPU
	EndGlobalSection
	GlobalSection(ProjectConfigurationPlatforms) = postSolution
		{A98C8924-2C0A-4121-B842-A26D02AAE60A}.Debug|Any CPU.ActiveCfg = Debug|Any CPU
		{A98C8924-2C0A-4121-B842-A26D02AAE60A}.Debug|Any CPU.Build.0 = Debug|Any CPU
		{A98C8924-2C0A-4121-B842-A26D02AAE60A}.Release|Any CPU.ActiveCfg = Release|Any CPU
		{A98C8924-2C0A-4121-B842-A26D02AAE60A}.Release|Any CPU.Build.0 = Release|Any CPU
		{5A28B7E6-D9A3-4F26-8577-5B0CF1DC1D89}.Debug|Any CPU.ActiveCfg = Debug|Any CPU
		{5A28B7E6-D9A3-4F26-8577-5B0CF1DC1D89}.Debug|Any CPU.Build.0 = Debug|Any CPU
		{5A28B7E6-D9A3-4F26-8577-5B0CF1DC1D89}.Release|Any CPU.ActiveCfg = Release|Any CPU
		{5A28B7E6-D9A3-4F26-8577-5B0CF1DC1D89}.Release|Any CPU.Build.0 = Release|Any CPU
		{36527E36-EE0F-4686-B634-28823528BFC5}.Debug|Any CPU.ActiveCfg = Debug|Any CPU
		{36527E36-EE0F-4686-B634-28823528BFC5}.Debug|Any CPU.Build.0 = Debug|Any CPU
		{36527E36-EE0F-4686-B634-28823528BFC5}.Release|Any CPU.ActiveCfg = Release|Any CPU
		{36527E36-EE0F-4686-B634-28823528BFC5}.Release|Any CPU.Build.0 = Release|Any CPU
	EndGlobalSection
	GlobalSection(SolutionProperties) = preSolution
		HideSolutionNode = FALSE
	EndGlobalSection
	GlobalSection(ExtensibilityGlobals) = postSolution
		SolutionGuid = {64A2B1F6-2EAA-4EBA-8009-EC6EBF8FE427}
	EndGlobalSection
EndGlobal
