
Microsoft Visual Studio Solution File, Format Version 12.00
# Visual Studio Version 17
VisualStudioVersion = 17.2.32630.192
MinimumVisualStudioVersion = 10.0.40219.1
Project("{9A19103F-16F7-4668-BE54-9A1E7A4F7556}") = "TheBattleOfTheFiveArmies", "TheBattleOfTheFiveArmies\TheBattleOfTheFiveArmies.csproj", "{3AC8DB68-03D3-4F80-A5A7-6AC021371E3C}"
EndProject
Project("{FAE04EC0-301F-11D3-BF4B-00C04F79EFBC}") = "BirthdayCelebration", "BirthdayCelebration\BirthdayCelebration.csproj", "{1F20EA86-0FBB-4ED5-89DE-8E15118472A5}"
EndProject
Global
	GlobalSection(SolutionConfigurationPlatforms) = preSolution
		Debug|Any CPU = Debug|Any CPU
		Release|Any CPU = Release|Any CPU
	EndGlobalSection
	GlobalSection(ProjectConfigurationPlatforms) = postSolution
		{3AC8DB68-03D3-4F80-A5A7-6AC021371E3C}.Debug|Any CPU.ActiveCfg = Debug|Any CPU
		{3AC8DB68-03D3-4F80-A5A7-6AC021371E3C}.Debug|Any CPU.Build.0 = Debug|Any CPU
		{3AC8DB68-03D3-4F80-A5A7-6AC021371E3C}.Release|Any CPU.ActiveCfg = Release|Any CPU
		{3AC8DB68-03D3-4F80-A5A7-6AC021371E3C}.Release|Any CPU.Build.0 = Release|Any CPU
		{1F20EA86-0FBB-4ED5-89DE-8E15118472A5}.Debug|Any CPU.ActiveCfg = Debug|Any CPU
		{1F20EA86-0FBB-4ED5-89DE-8E15118472A5}.Debug|Any CPU.Build.0 = Debug|Any CPU
		{1F20EA86-0FBB-4ED5-89DE-8E15118472A5}.Release|Any CPU.ActiveCfg = Release|Any CPU
		{1F20EA86-0FBB-4ED5-89DE-8E15118472A5}.Release|Any CPU.Build.0 = Release|Any CPU
	EndGlobalSection
	GlobalSection(SolutionProperties) = preSolution
		HideSolutionNode = FALSE
	EndGlobalSection
	GlobalSection(ExtensibilityGlobals) = postSolution
		SolutionGuid = {465B69DA-63FF-4602-8377-C04B1E5DCF40}
	EndGlobalSection
EndGlobal
