
Microsoft Visual Studio Solution File, Format Version 12.00
# Visual Studio Version 17
VisualStudioVersion = 17.2.32630.192
MinimumVisualStudioVersion = 10.0.40219.1
Project("{FAE04EC0-301F-11D3-BF4B-00C04F79EFBC}") = "Survivor", "Survivor\Survivor.csproj", "{B2AD6B9E-42C1-4B2B-9791-2377D479A470}"
EndProject
Global
	GlobalSection(SolutionConfigurationPlatforms) = preSolution
		Debug|Any CPU = Debug|Any CPU
		Release|Any CPU = Release|Any CPU
	EndGlobalSection
	GlobalSection(ProjectConfigurationPlatforms) = postSolution
		{B2AD6B9E-42C1-4B2B-9791-2377D479A470}.Debug|Any CPU.ActiveCfg = Debug|Any CPU
		{B2AD6B9E-42C1-4B2B-9791-2377D479A470}.Debug|Any CPU.Build.0 = Debug|Any CPU
		{B2AD6B9E-42C1-4B2B-9791-2377D479A470}.Release|Any CPU.ActiveCfg = Release|Any CPU
		{B2AD6B9E-42C1-4B2B-9791-2377D479A470}.Release|Any CPU.Build.0 = Release|Any CPU
	EndGlobalSection
	GlobalSection(SolutionProperties) = preSolution
		HideSolutionNode = FALSE
	EndGlobalSection
	GlobalSection(ExtensibilityGlobals) = postSolution
		SolutionGuid = {ABF14FFD-230A-43BF-B57D-3E02BE605305}
	EndGlobalSection
EndGlobal
