
Microsoft Visual Studio Solution File, Format Version 12.00
# Visual Studio Version 16
VisualStudioVersion = 16.0.31702.278
MinimumVisualStudioVersion = 10.0.40219.1
Project("{9A19103F-16F7-4668-BE54-9A1E7A4F7556}") = "DiagonalDifference", "DiagonalDifference\DiagonalDifference.csproj", "{30DB29AC-446B-4859-858A-BCFD4B9B5C41}"
EndProject
Project("{9A19103F-16F7-4668-BE54-9A1E7A4F7556}") = "2X2SquaresInMatrix", "2X2SquaresInMatrix\2X2SquaresInMatrix.csproj", "{B8E0700A-91E0-4744-B851-BA9019D0AB38}"
EndProject
Project("{9A19103F-16F7-4668-BE54-9A1E7A4F7556}") = "MaximalSum", "MaximalSum\MaximalSum.csproj", "{09C79B77-A64E-4D0F-9906-54AB15A51FDE}"
EndProject
Project("{FAE04EC0-301F-11D3-BF4B-00C04F79EFBC}") = "MatrixShuffling", "MatrixShuffling\MatrixShuffling.csproj", "{5A75459F-1D68-422B-9075-6933718DA5E0}"
EndProject
Global
	GlobalSection(SolutionConfigurationPlatforms) = preSolution
		Debug|Any CPU = Debug|Any CPU
		Release|Any CPU = Release|Any CPU
	EndGlobalSection
	GlobalSection(ProjectConfigurationPlatforms) = postSolution
		{30DB29AC-446B-4859-858A-BCFD4B9B5C41}.Debug|Any CPU.ActiveCfg = Debug|Any CPU
		{30DB29AC-446B-4859-858A-BCFD4B9B5C41}.Debug|Any CPU.Build.0 = Debug|Any CPU
		{30DB29AC-446B-4859-858A-BCFD4B9B5C41}.Release|Any CPU.ActiveCfg = Release|Any CPU
		{30DB29AC-446B-4859-858A-BCFD4B9B5C41}.Release|Any CPU.Build.0 = Release|Any CPU
		{B8E0700A-91E0-4744-B851-BA9019D0AB38}.Debug|Any CPU.ActiveCfg = Debug|Any CPU
		{B8E0700A-91E0-4744-B851-BA9019D0AB38}.Debug|Any CPU.Build.0 = Debug|Any CPU
		{B8E0700A-91E0-4744-B851-BA9019D0AB38}.Release|Any CPU.ActiveCfg = Release|Any CPU
		{B8E0700A-91E0-4744-B851-BA9019D0AB38}.Release|Any CPU.Build.0 = Release|Any CPU
		{09C79B77-A64E-4D0F-9906-54AB15A51FDE}.Debug|Any CPU.ActiveCfg = Debug|Any CPU
		{09C79B77-A64E-4D0F-9906-54AB15A51FDE}.Debug|Any CPU.Build.0 = Debug|Any CPU
		{09C79B77-A64E-4D0F-9906-54AB15A51FDE}.Release|Any CPU.ActiveCfg = Release|Any CPU
		{09C79B77-A64E-4D0F-9906-54AB15A51FDE}.Release|Any CPU.Build.0 = Release|Any CPU
		{5A75459F-1D68-422B-9075-6933718DA5E0}.Debug|Any CPU.ActiveCfg = Debug|Any CPU
		{5A75459F-1D68-422B-9075-6933718DA5E0}.Debug|Any CPU.Build.0 = Debug|Any CPU
		{5A75459F-1D68-422B-9075-6933718DA5E0}.Release|Any CPU.ActiveCfg = Release|Any CPU
		{5A75459F-1D68-422B-9075-6933718DA5E0}.Release|Any CPU.Build.0 = Release|Any CPU
	EndGlobalSection
	GlobalSection(SolutionProperties) = preSolution
		HideSolutionNode = FALSE
	EndGlobalSection
	GlobalSection(ExtensibilityGlobals) = postSolution
		SolutionGuid = {AF78F327-CEB5-4AC5-AD71-ADA7216B6D6D}
	EndGlobalSection
EndGlobal
