
Microsoft Visual Studio Solution File, Format Version 12.00
# Visual Studio Version 16
VisualStudioVersion = 16.0.31702.278
MinimumVisualStudioVersion = 10.0.40219.1
Project("{FAE04EC0-301F-11D3-BF4B-00C04F79EFBC}") = "ListyIterator", "ListyIterator\ListyIterator.csproj", "{684CB169-8A4F-4E22-841F-71BD87E7BC93}"
EndProject
Global
	GlobalSection(SolutionConfigurationPlatforms) = preSolution
		Debug|Any CPU = Debug|Any CPU
		Release|Any CPU = Release|Any CPU
	EndGlobalSection
	GlobalSection(ProjectConfigurationPlatforms) = postSolution
		{684CB169-8A4F-4E22-841F-71BD87E7BC93}.Debug|Any CPU.ActiveCfg = Debug|Any CPU
		{684CB169-8A4F-4E22-841F-71BD87E7BC93}.Debug|Any CPU.Build.0 = Debug|Any CPU
		{684CB169-8A4F-4E22-841F-71BD87E7BC93}.Release|Any CPU.ActiveCfg = Release|Any CPU
		{684CB169-8A4F-4E22-841F-71BD87E7BC93}.Release|Any CPU.Build.0 = Release|Any CPU
	EndGlobalSection
	GlobalSection(SolutionProperties) = preSolution
		HideSolutionNode = FALSE
	EndGlobalSection
	GlobalSection(ExtensibilityGlobals) = postSolution
		SolutionGuid = {929C4593-6E47-41F6-ACE7-773332EFA059}
	EndGlobalSection
EndGlobal
