
Microsoft Visual Studio Solution File, Format Version 12.00
# Visual Studio Version 16
VisualStudioVersion = 16.0.31702.278
MinimumVisualStudioVersion = 10.0.40219.1
Project("{FAE04EC0-301F-11D3-BF4B-00C04F79EFBC}") = "Messaging", "Messaging\Messaging.csproj", "{5DBA37B3-47C7-49DD-924C-7D73BDB7EDCF}"
EndProject
Global
	GlobalSection(SolutionConfigurationPlatforms) = preSolution
		Debug|Any CPU = Debug|Any CPU
		Release|Any CPU = Release|Any CPU
	EndGlobalSection
	GlobalSection(ProjectConfigurationPlatforms) = postSolution
		{5DBA37B3-47C7-49DD-924C-7D73BDB7EDCF}.Debug|Any CPU.ActiveCfg = Debug|Any CPU
		{5DBA37B3-47C7-49DD-924C-7D73BDB7EDCF}.Debug|Any CPU.Build.0 = Debug|Any CPU
		{5DBA37B3-47C7-49DD-924C-7D73BDB7EDCF}.Release|Any CPU.ActiveCfg = Release|Any CPU
		{5DBA37B3-47C7-49DD-924C-7D73BDB7EDCF}.Release|Any CPU.Build.0 = Release|Any CPU
	EndGlobalSection
	GlobalSection(SolutionProperties) = preSolution
		HideSolutionNode = FALSE
	EndGlobalSection
	GlobalSection(ExtensibilityGlobals) = postSolution
		SolutionGuid = {EC84CA71-315B-46B8-8D61-7A7A74B0BA2B}
	EndGlobalSection
EndGlobal
