
Microsoft Visual Studio Solution File, Format Version 12.00
# Visual Studio Version 16
VisualStudioVersion = 16.0.31702.278
MinimumVisualStudioVersion = 10.0.40219.1
Project("{9A19103F-16F7-4668-BE54-9A1E7A4F7556}") = "BasicStackOperations", "BasicStackOperations\BasicStackOperations.csproj", "{85FF0B49-8DD6-4CAF-A1E7-5A5F99C90772}"
EndProject
Project("{9A19103F-16F7-4668-BE54-9A1E7A4F7556}") = "CupsAndBottles", "CupsAndBottles\CupsAndBottles.csproj", "{4BD35241-F12E-46F4-B4E4-BEF7816D9CDE}"
EndProject
Project("{9A19103F-16F7-4668-BE54-9A1E7A4F7556}") = "BasicQueueOperations", "BasicQueueOperations\BasicQueueOperations.csproj", "{85503B89-8B54-4749-B4FC-2848454954F4}"
EndProject
Project("{9A19103F-16F7-4668-BE54-9A1E7A4F7556}") = "MaximumAndMinimumElement", "MaximumAndMinimumElement\MaximumAndMinimumElement.csproj", "{2833485E-F071-4EAA-9D65-B35586A1543D}"
EndProject
Project("{9A19103F-16F7-4668-BE54-9A1E7A4F7556}") = "FastFood", "FastFood\FastFood.csproj", "{018B7847-97B9-42FF-98C9-AA20B5840966}"
EndProject
Project("{9A19103F-16F7-4668-BE54-9A1E7A4F7556}") = "FashionBoutique", "FashionBoutique\FashionBoutique.csproj", "{7E2E6829-3D9E-4140-869D-4E59A0E652BE}"
EndProject
Project("{9A19103F-16F7-4668-BE54-9A1E7A4F7556}") = "SongsQueue", "SongsQueue\SongsQueue.csproj", "{CD266DC8-FAEC-4F63-B076-9FB374BF4932}"
EndProject
Project("{9A19103F-16F7-4668-BE54-9A1E7A4F7556}") = "TruckTour", "TruckTour\TruckTour.csproj", "{1C99AB23-301D-470F-AD81-9A7287BFE151}"
EndProject
Project("{9A19103F-16F7-4668-BE54-9A1E7A4F7556}") = "BalancedParentheses", "BalancedParentheses\BalancedParentheses.csproj", "{B395AA3D-4823-421D-8346-757F60BFA2BF}"
EndProject
Project("{9A19103F-16F7-4668-BE54-9A1E7A4F7556}") = "SimpleTextEditor", "SimpleTextEditor\SimpleTextEditor.csproj", "{C3D644EC-3E9E-42CB-B289-0D8FA6BBF3DE}"
EndProject
Project("{FAE04EC0-301F-11D3-BF4B-00C04F79EFBC}") = "Crossroads", "Crossroads\Crossroads.csproj", "{75C6711D-AB2D-4BD6-A064-27F67B80DB7A}"
EndProject
Global
	GlobalSection(SolutionConfigurationPlatforms) = preSolution
		Debug|Any CPU = Debug|Any CPU
		Release|Any CPU = Release|Any CPU
	EndGlobalSection
	GlobalSection(ProjectConfigurationPlatforms) = postSolution
		{85FF0B49-8DD6-4CAF-A1E7-5A5F99C90772}.Debug|Any CPU.ActiveCfg = Debug|Any CPU
		{85FF0B49-8DD6-4CAF-A1E7-5A5F99C90772}.Debug|Any CPU.Build.0 = Debug|Any CPU
		{85FF0B49-8DD6-4CAF-A1E7-5A5F99C90772}.Release|Any CPU.ActiveCfg = Release|Any CPU
		{85FF0B49-8DD6-4CAF-A1E7-5A5F99C90772}.Release|Any CPU.Build.0 = Release|Any CPU
		{4BD35241-F12E-46F4-B4E4-BEF7816D9CDE}.Debug|Any CPU.ActiveCfg = Debug|Any CPU
		{4BD35241-F12E-46F4-B4E4-BEF7816D9CDE}.Debug|Any CPU.Build.0 = Debug|Any CPU
		{4BD35241-F12E-46F4-B4E4-BEF7816D9CDE}.Release|Any CPU.ActiveCfg = Release|Any CPU
		{4BD35241-F12E-46F4-B4E4-BEF7816D9CDE}.Release|Any CPU.Build.0 = Release|Any CPU
		{85503B89-8B54-4749-B4FC-2848454954F4}.Debug|Any CPU.ActiveCfg = Debug|Any CPU
		{85503B89-8B54-4749-B4FC-2848454954F4}.Debug|Any CPU.Build.0 = Debug|Any CPU
		{85503B89-8B54-4749-B4FC-2848454954F4}.Release|Any CPU.ActiveCfg = Release|Any CPU
		{85503B89-8B54-4749-B4FC-2848454954F4}.Release|Any CPU.Build.0 = Release|Any CPU
		{2833485E-F071-4EAA-9D65-B35586A1543D}.Debug|Any CPU.ActiveCfg = Debug|Any CPU
		{2833485E-F071-4EAA-9D65-B35586A1543D}.Debug|Any CPU.Build.0 = Debug|Any CPU
		{2833485E-F071-4EAA-9D65-B35586A1543D}.Release|Any CPU.ActiveCfg = Release|Any CPU
		{2833485E-F071-4EAA-9D65-B35586A1543D}.Release|Any CPU.Build.0 = Release|Any CPU
		{018B7847-97B9-42FF-98C9-AA20B5840966}.Debug|Any CPU.ActiveCfg = Debug|Any CPU
		{018B7847-97B9-42FF-98C9-AA20B5840966}.Debug|Any CPU.Build.0 = Debug|Any CPU
		{018B7847-97B9-42FF-98C9-AA20B5840966}.Release|Any CPU.ActiveCfg = Release|Any CPU
		{018B7847-97B9-42FF-98C9-AA20B5840966}.Release|Any CPU.Build.0 = Release|Any CPU
		{7E2E6829-3D9E-4140-869D-4E59A0E652BE}.Debug|Any CPU.ActiveCfg = Debug|Any CPU
		{7E2E6829-3D9E-4140-869D-4E59A0E652BE}.Debug|Any CPU.Build.0 = Debug|Any CPU
		{7E2E6829-3D9E-4140-869D-4E59A0E652BE}.Release|Any CPU.ActiveCfg = Release|Any CPU
		{7E2E6829-3D9E-4140-869D-4E59A0E652BE}.Release|Any CPU.Build.0 = Release|Any CPU
		{CD266DC8-FAEC-4F63-B076-9FB374BF4932}.Debug|Any CPU.ActiveCfg = Debug|Any CPU
		{CD266DC8-FAEC-4F63-B076-9FB374BF4932}.Debug|Any CPU.Build.0 = Debug|Any CPU
		{CD266DC8-FAEC-4F63-B076-9FB374BF4932}.Release|Any CPU.ActiveCfg = Release|Any CPU
		{CD266DC8-FAEC-4F63-B076-9FB374BF4932}.Release|Any CPU.Build.0 = Release|Any CPU
		{1C99AB23-301D-470F-AD81-9A7287BFE151}.Debug|Any CPU.ActiveCfg = Debug|Any CPU
		{1C99AB23-301D-470F-AD81-9A7287BFE151}.Debug|Any CPU.Build.0 = Debug|Any CPU
		{1C99AB23-301D-470F-AD81-9A7287BFE151}.Release|Any CPU.ActiveCfg = Release|Any CPU
		{1C99AB23-301D-470F-AD81-9A7287BFE151}.Release|Any CPU.Build.0 = Release|Any CPU
		{B395AA3D-4823-421D-8346-757F60BFA2BF}.Debug|Any CPU.ActiveCfg = Debug|Any CPU
		{B395AA3D-4823-421D-8346-757F60BFA2BF}.Debug|Any CPU.Build.0 = Debug|Any CPU
		{B395AA3D-4823-421D-8346-757F60BFA2BF}.Release|Any CPU.ActiveCfg = Release|Any CPU
		{B395AA3D-4823-421D-8346-757F60BFA2BF}.Release|Any CPU.Build.0 = Release|Any CPU
		{C3D644EC-3E9E-42CB-B289-0D8FA6BBF3DE}.Debug|Any CPU.ActiveCfg = Debug|Any CPU
		{C3D644EC-3E9E-42CB-B289-0D8FA6BBF3DE}.Debug|Any CPU.Build.0 = Debug|Any CPU
		{C3D644EC-3E9E-42CB-B289-0D8FA6BBF3DE}.Release|Any CPU.ActiveCfg = Release|Any CPU
		{C3D644EC-3E9E-42CB-B289-0D8FA6BBF3DE}.Release|Any CPU.Build.0 = Release|Any CPU
		{75C6711D-AB2D-4BD6-A064-27F67B80DB7A}.Debug|Any CPU.ActiveCfg = Debug|Any CPU
		{75C6711D-AB2D-4BD6-A064-27F67B80DB7A}.Debug|Any CPU.Build.0 = Debug|Any CPU
		{75C6711D-AB2D-4BD6-A064-27F67B80DB7A}.Release|Any CPU.ActiveCfg = Release|Any CPU
		{75C6711D-AB2D-4BD6-A064-27F67B80DB7A}.Release|Any CPU.Build.0 = Release|Any CPU
	EndGlobalSection
	GlobalSection(SolutionProperties) = preSolution
		HideSolutionNode = FALSE
	EndGlobalSection
	GlobalSection(ExtensibilityGlobals) = postSolution
		SolutionGuid = {FE1A48D0-138E-4602-943D-F979AD981AA5}
	EndGlobalSection
EndGlobal
