
Microsoft Visual Studio Solution File, Format Version 12.00
# Visual Studio Version 17
VisualStudioVersion = 17.2.32630.192
MinimumVisualStudioVersion = 10.0.40219.1
Project("{9A19103F-16F7-4668-BE54-9A1E7A4F7556}") = "TruffleHunter", "TruffleHunter\TruffleHunter.csproj", "{5B586677-EFF8-4566-835D-333CDE79BD85}"
EndProject
Project("{9A19103F-16F7-4668-BE54-9A1E7A4F7556}") = "MealPlan", "MealPlan\MealPlan.csproj", "{1D240ABE-E688-4112-9DCA-811638D621D9}"
EndProject
Project("{9A19103F-16F7-4668-BE54-9A1E7A4F7556}") = "Zoo", "Zoo\Zoo.csproj", "{174CB4C7-9892-4604-AA06-0E0FE34F3E1C}"
EndProject
Global
	GlobalSection(SolutionConfigurationPlatforms) = preSolution
		Debug|Any CPU = Debug|Any CPU
		Release|Any CPU = Release|Any CPU
	EndGlobalSection
	GlobalSection(ProjectConfigurationPlatforms) = postSolution
		{5B586677-EFF8-4566-835D-333CDE79BD85}.Debug|Any CPU.ActiveCfg = Debug|Any CPU
		{5B586677-EFF8-4566-835D-333CDE79BD85}.Debug|Any CPU.Build.0 = Debug|Any CPU
		{5B586677-EFF8-4566-835D-333CDE79BD85}.Release|Any CPU.ActiveCfg = Release|Any CPU
		{5B586677-EFF8-4566-835D-333CDE79BD85}.Release|Any CPU.Build.0 = Release|Any CPU
		{1D240ABE-E688-4112-9DCA-811638D621D9}.Debug|Any CPU.ActiveCfg = Debug|Any CPU
		{1D240ABE-E688-4112-9DCA-811638D621D9}.Debug|Any CPU.Build.0 = Debug|Any CPU
		{1D240ABE-E688-4112-9DCA-811638D621D9}.Release|Any CPU.ActiveCfg = Release|Any CPU
		{1D240ABE-E688-4112-9DCA-811638D621D9}.Release|Any CPU.Build.0 = Release|Any CPU
		{174CB4C7-9892-4604-AA06-0E0FE34F3E1C}.Debug|Any CPU.ActiveCfg = Debug|Any CPU
		{174CB4C7-9892-4604-AA06-0E0FE34F3E1C}.Debug|Any CPU.Build.0 = Debug|Any CPU
		{174CB4C7-9892-4604-AA06-0E0FE34F3E1C}.Release|Any CPU.ActiveCfg = Release|Any CPU
		{174CB4C7-9892-4604-AA06-0E0FE34F3E1C}.Release|Any CPU.Build.0 = Release|Any CPU
	EndGlobalSection
	GlobalSection(SolutionProperties) = preSolution
		HideSolutionNode = FALSE
	EndGlobalSection
	GlobalSection(ExtensibilityGlobals) = postSolution
		SolutionGuid = {515BBD94-FBBE-4992-BAE8-180EC15EFD1D}
	EndGlobalSection
EndGlobal
