
Microsoft Visual Studio Solution File, Format Version 12.00
# Visual Studio Version 16
VisualStudioVersion = 16.0.31702.278
MinimumVisualStudioVersion = 10.0.40219.1
Project("{FAE04EC0-301F-11D3-BF4B-00C04F79EFBC}") = "ClassBoxData", "ClassBoxData\ClassBoxData.csproj", "{51C68526-65BD-4E38-8F42-83B3735021BE}"
EndProject
Global
	GlobalSection(SolutionConfigurationPlatforms) = preSolution
		Debug|Any CPU = Debug|Any CPU
		Release|Any CPU = Release|Any CPU
	EndGlobalSection
	GlobalSection(ProjectConfigurationPlatforms) = postSolution
		{51C68526-65BD-4E38-8F42-83B3735021BE}.Debug|Any CPU.ActiveCfg = Debug|Any CPU
		{51C68526-65BD-4E38-8F42-83B3735021BE}.Debug|Any CPU.Build.0 = Debug|Any CPU
		{51C68526-65BD-4E38-8F42-83B3735021BE}.Release|Any CPU.ActiveCfg = Release|Any CPU
		{51C68526-65BD-4E38-8F42-83B3735021BE}.Release|Any CPU.Build.0 = Release|Any CPU
	EndGlobalSection
	GlobalSection(SolutionProperties) = preSolution
		HideSolutionNode = FALSE
	EndGlobalSection
	GlobalSection(ExtensibilityGlobals) = postSolution
		SolutionGuid = {6EE2D254-2F48-44A9-B12A-774E0719BA30}
	EndGlobalSection
EndGlobal
