
Microsoft Visual Studio Solution File, Format Version 12.00
# Visual Studio Version 17
VisualStudioVersion = 17.2.32630.192
MinimumVisualStudioVersion = 10.0.40219.1
Project("{FAE04EC0-301F-11D3-BF4B-00C04F79EFBC}") = "ReVolt", "ReVolt\ReVolt.csproj", "{BBDFD524-ED51-4A2F-9C33-9B3567A2E86C}"
EndProject
Global
	GlobalSection(SolutionConfigurationPlatforms) = preSolution
		Debug|Any CPU = Debug|Any CPU
		Release|Any CPU = Release|Any CPU
	EndGlobalSection
	GlobalSection(ProjectConfigurationPlatforms) = postSolution
		{BBDFD524-ED51-4A2F-9C33-9B3567A2E86C}.Debug|Any CPU.ActiveCfg = Debug|Any CPU
		{BBDFD524-ED51-4A2F-9C33-9B3567A2E86C}.Debug|Any CPU.Build.0 = Debug|Any CPU
		{BBDFD524-ED51-4A2F-9C33-9B3567A2E86C}.Release|Any CPU.ActiveCfg = Release|Any CPU
		{BBDFD524-ED51-4A2F-9C33-9B3567A2E86C}.Release|Any CPU.Build.0 = Release|Any CPU
	EndGlobalSection
	GlobalSection(SolutionProperties) = preSolution
		HideSolutionNode = FALSE
	EndGlobalSection
	GlobalSection(ExtensibilityGlobals) = postSolution
		SolutionGuid = {68E0BFE2-6134-43F5-A773-8D34FFBD24E9}
	EndGlobalSection
EndGlobal
