
Microsoft Visual Studio Solution File, Format Version 12.00
# Visual Studio Version 16
VisualStudioVersion = 16.0.31702.278
MinimumVisualStudioVersion = 10.0.40219.1
Project("{9A19103F-16F7-4668-BE54-9A1E7A4F7556}") = "Ranking", "Ranking\Ranking.csproj", "{67AA8D2E-6DC6-4403-96CB-192D54AA31BA}"
EndProject
Project("{9A19103F-16F7-4668-BE54-9A1E7A4F7556}") = "Judge", "Judge\Judge.csproj", "{87E040C7-07FE-4723-A2F0-A476A448AE95}"
EndProject
Project("{9A19103F-16F7-4668-BE54-9A1E7A4F7556}") = "MOBAChallenger", "MOBAChallenger\MOBAChallenger.csproj", "{9DC5CB52-F67D-42E3-8C8A-0C86F2F0EC86}"
EndProject
Project("{FAE04EC0-301F-11D3-BF4B-00C04F79EFBC}") = "Snowwhite", "Snowwhite\Snowwhite.csproj", "{AEFDEF44-8732-4D51-8FD7-AD8CCD980F66}"
EndProject
Global
	GlobalSection(SolutionConfigurationPlatforms) = preSolution
		Debug|Any CPU = Debug|Any CPU
		Release|Any CPU = Release|Any CPU
	EndGlobalSection
	GlobalSection(ProjectConfigurationPlatforms) = postSolution
		{67AA8D2E-6DC6-4403-96CB-192D54AA31BA}.Debug|Any CPU.ActiveCfg = Debug|Any CPU
		{67AA8D2E-6DC6-4403-96CB-192D54AA31BA}.Debug|Any CPU.Build.0 = Debug|Any CPU
		{67AA8D2E-6DC6-4403-96CB-192D54AA31BA}.Release|Any CPU.ActiveCfg = Release|Any CPU
		{67AA8D2E-6DC6-4403-96CB-192D54AA31BA}.Release|Any CPU.Build.0 = Release|Any CPU
		{87E040C7-07FE-4723-A2F0-A476A448AE95}.Debug|Any CPU.ActiveCfg = Debug|Any CPU
		{87E040C7-07FE-4723-A2F0-A476A448AE95}.Debug|Any CPU.Build.0 = Debug|Any CPU
		{87E040C7-07FE-4723-A2F0-A476A448AE95}.Release|Any CPU.ActiveCfg = Release|Any CPU
		{87E040C7-07FE-4723-A2F0-A476A448AE95}.Release|Any CPU.Build.0 = Release|Any CPU
		{9DC5CB52-F67D-42E3-8C8A-0C86F2F0EC86}.Debug|Any CPU.ActiveCfg = Debug|Any CPU
		{9DC5CB52-F67D-42E3-8C8A-0C86F2F0EC86}.Debug|Any CPU.Build.0 = Debug|Any CPU
		{9DC5CB52-F67D-42E3-8C8A-0C86F2F0EC86}.Release|Any CPU.ActiveCfg = Release|Any CPU
		{9DC5CB52-F67D-42E3-8C8A-0C86F2F0EC86}.Release|Any CPU.Build.0 = Release|Any CPU
		{AEFDEF44-8732-4D51-8FD7-AD8CCD980F66}.Debug|Any CPU.ActiveCfg = Debug|Any CPU
		{AEFDEF44-8732-4D51-8FD7-AD8CCD980F66}.Debug|Any CPU.Build.0 = Debug|Any CPU
		{AEFDEF44-8732-4D51-8FD7-AD8CCD980F66}.Release|Any CPU.ActiveCfg = Release|Any CPU
		{AEFDEF44-8732-4D51-8FD7-AD8CCD980F66}.Release|Any CPU.Build.0 = Release|Any CPU
	EndGlobalSection
	GlobalSection(SolutionProperties) = preSolution
		HideSolutionNode = FALSE
	EndGlobalSection
	GlobalSection(ExtensibilityGlobals) = postSolution
		SolutionGuid = {C7A31C62-6A9B-46BD-9CCD-14BBBA52A8B3}
	EndGlobalSection
EndGlobal
