
Microsoft Visual Studio Solution File, Format Version 12.00
# Visual Studio Version 16
VisualStudioVersion = 16.0.31702.278
MinimumVisualStudioVersion = 10.0.40219.1
Project("{9A19103F-16F7-4668-BE54-9A1E7A4F7556}") = "GenericBoxOfString", "GenericBoxOfString\GenericBoxOfString.csproj", "{EDFA913A-3119-489B-B6E7-69C5A9808B90}"
EndProject
Project("{9A19103F-16F7-4668-BE54-9A1E7A4F7556}") = "GenericBoxОfInteger", "GenericBoxОfInteger\GenericBoxОfInteger.csproj", "{2D316585-0AFE-461B-A9C5-EF0E9096C4EF}"
EndProject
Project("{9A19103F-16F7-4668-BE54-9A1E7A4F7556}") = "GenericSwapMethodStrings", "GenericSwapMethodStrings\GenericSwapMethodStrings.csproj", "{1A4C4C31-AE87-4360-8D54-B878D62AFB02}"
EndProject
Project("{9A19103F-16F7-4668-BE54-9A1E7A4F7556}") = "GenericSwapMethodIntegers", "GenericSwapMethodIntegers\GenericSwapMethodIntegers.csproj", "{681E0397-E325-4EA3-AA42-D5A8B41601E9}"
EndProject
Project("{FAE04EC0-301F-11D3-BF4B-00C04F79EFBC}") = "GenericCountMethodString", "GenericCountMethodString\GenericCountMethodString.csproj", "{5576C944-E12A-40D7-A269-10E55908E60B}"
EndProject
Global
	GlobalSection(SolutionConfigurationPlatforms) = preSolution
		Debug|Any CPU = Debug|Any CPU
		Release|Any CPU = Release|Any CPU
	EndGlobalSection
	GlobalSection(ProjectConfigurationPlatforms) = postSolution
		{EDFA913A-3119-489B-B6E7-69C5A9808B90}.Debug|Any CPU.ActiveCfg = Debug|Any CPU
		{EDFA913A-3119-489B-B6E7-69C5A9808B90}.Debug|Any CPU.Build.0 = Debug|Any CPU
		{EDFA913A-3119-489B-B6E7-69C5A9808B90}.Release|Any CPU.ActiveCfg = Release|Any CPU
		{EDFA913A-3119-489B-B6E7-69C5A9808B90}.Release|Any CPU.Build.0 = Release|Any CPU
		{2D316585-0AFE-461B-A9C5-EF0E9096C4EF}.Debug|Any CPU.ActiveCfg = Debug|Any CPU
		{2D316585-0AFE-461B-A9C5-EF0E9096C4EF}.Debug|Any CPU.Build.0 = Debug|Any CPU
		{2D316585-0AFE-461B-A9C5-EF0E9096C4EF}.Release|Any CPU.ActiveCfg = Release|Any CPU
		{2D316585-0AFE-461B-A9C5-EF0E9096C4EF}.Release|Any CPU.Build.0 = Release|Any CPU
		{1A4C4C31-AE87-4360-8D54-B878D62AFB02}.Debug|Any CPU.ActiveCfg = Debug|Any CPU
		{1A4C4C31-AE87-4360-8D54-B878D62AFB02}.Debug|Any CPU.Build.0 = Debug|Any CPU
		{1A4C4C31-AE87-4360-8D54-B878D62AFB02}.Release|Any CPU.ActiveCfg = Release|Any CPU
		{1A4C4C31-AE87-4360-8D54-B878D62AFB02}.Release|Any CPU.Build.0 = Release|Any CPU
		{681E0397-E325-4EA3-AA42-D5A8B41601E9}.Debug|Any CPU.ActiveCfg = Debug|Any CPU
		{681E0397-E325-4EA3-AA42-D5A8B41601E9}.Debug|Any CPU.Build.0 = Debug|Any CPU
		{681E0397-E325-4EA3-AA42-D5A8B41601E9}.Release|Any CPU.ActiveCfg = Release|Any CPU
		{681E0397-E325-4EA3-AA42-D5A8B41601E9}.Release|Any CPU.Build.0 = Release|Any CPU
		{5576C944-E12A-40D7-A269-10E55908E60B}.Debug|Any CPU.ActiveCfg = Debug|Any CPU
		{5576C944-E12A-40D7-A269-10E55908E60B}.Debug|Any CPU.Build.0 = Debug|Any CPU
		{5576C944-E12A-40D7-A269-10E55908E60B}.Release|Any CPU.ActiveCfg = Release|Any CPU
		{5576C944-E12A-40D7-A269-10E55908E60B}.Release|Any CPU.Build.0 = Release|Any CPU
	EndGlobalSection
	GlobalSection(SolutionProperties) = preSolution
		HideSolutionNode = FALSE
	EndGlobalSection
	GlobalSection(ExtensibilityGlobals) = postSolution
		SolutionGuid = {9F6EFE6E-3DA9-4A4D-85E4-84908C11A1B3}
	EndGlobalSection
EndGlobal
