
Microsoft Visual Studio Solution File, Format Version 12.00
# Visual Studio Version 17
VisualStudioVersion = 17.2.32630.192
MinimumVisualStudioVersion = 10.0.40219.1
Project("{9A19103F-16F7-4668-BE54-9A1E7A4F7556}") = "BeaverAtWork", "BeaverAtWork\BeaverAtWork.csproj", "{D4CCD663-B43E-4410-BE16-DF50CDEA1944}"
EndProject
Project("{9A19103F-16F7-4668-BE54-9A1E7A4F7556}") = "BakeryShop", "BakeryShop\BakeryShop.csproj", "{22761313-1884-4105-8049-CB4A89C4B480}"
EndProject
Project("{9A19103F-16F7-4668-BE54-9A1E7A4F7556}") = "FishingNet", "FishingNet\FishingNet.csproj", "{A2C82141-0EEB-4C01-A7E2-2505B30405D2}"
EndProject
Global
	GlobalSection(SolutionConfigurationPlatforms) = preSolution
		Debug|Any CPU = Debug|Any CPU
		Release|Any CPU = Release|Any CPU
	EndGlobalSection
	GlobalSection(ProjectConfigurationPlatforms) = postSolution
		{D4CCD663-B43E-4410-BE16-DF50CDEA1944}.Debug|Any CPU.ActiveCfg = Debug|Any CPU
		{D4CCD663-B43E-4410-BE16-DF50CDEA1944}.Debug|Any CPU.Build.0 = Debug|Any CPU
		{D4CCD663-B43E-4410-BE16-DF50CDEA1944}.Release|Any CPU.ActiveCfg = Release|Any CPU
		{D4CCD663-B43E-4410-BE16-DF50CDEA1944}.Release|Any CPU.Build.0 = Release|Any CPU
		{22761313-1884-4105-8049-CB4A89C4B480}.Debug|Any CPU.ActiveCfg = Debug|Any CPU
		{22761313-1884-4105-8049-CB4A89C4B480}.Debug|Any CPU.Build.0 = Debug|Any CPU
		{22761313-1884-4105-8049-CB4A89C4B480}.Release|Any CPU.ActiveCfg = Release|Any CPU
		{22761313-1884-4105-8049-CB4A89C4B480}.Release|Any CPU.Build.0 = Release|Any CPU
		{A2C82141-0EEB-4C01-A7E2-2505B30405D2}.Debug|Any CPU.ActiveCfg = Debug|Any CPU
		{A2C82141-0EEB-4C01-A7E2-2505B30405D2}.Debug|Any CPU.Build.0 = Debug|Any CPU
		{A2C82141-0EEB-4C01-A7E2-2505B30405D2}.Release|Any CPU.ActiveCfg = Release|Any CPU
		{A2C82141-0EEB-4C01-A7E2-2505B30405D2}.Release|Any CPU.Build.0 = Release|Any CPU
	EndGlobalSection
	GlobalSection(SolutionProperties) = preSolution
		HideSolutionNode = FALSE
	EndGlobalSection
	GlobalSection(ExtensibilityGlobals) = postSolution
		SolutionGuid = {CD84E36B-7E98-4048-AE68-B25F2723CB13}
	EndGlobalSection
EndGlobal
