
Microsoft Visual Studio Solution File, Format Version 12.00
# Visual Studio Version 16
VisualStudioVersion = 16.0.31112.23
MinimumVisualStudioVersion = 10.0.40219.1
Project("{9A19103F-16F7-4668-BE54-9A1E7A4F7556}") = "CountCharsInAString", "CountCharsInAString\CountCharsInAString.csproj", "{068887F4-463C-4577-BD58-52CB43E2E7B8}"
EndProject
Project("{FAE04EC0-301F-11D3-BF4B-00C04F79EFBC}") = "AMinerTask", "AMinerTask\AMinerTask.csproj", "{FF0987ED-3132-4FEE-A6A8-6D9C99C06E0F}"
EndProject
Project("{FAE04EC0-301F-11D3-BF4B-00C04F79EFBC}") = "LegendaryFarming", "LegendaryFarming\LegendaryFarming.csproj", "{D525C821-C20D-453B-88AB-ADEED7126153}"
EndProject
Project("{FAE04EC0-301F-11D3-BF4B-00C04F79EFBC}") = "Orders", "Orders\Orders.csproj", "{AF53C0F1-65A0-461F-8D01-DBE1E5AAF52B}"
EndProject
Project("{FAE04EC0-301F-11D3-BF4B-00C04F79EFBC}") = "SoftUniParking", "SoftUniParking\SoftUniParking.csproj", "{68F66BEF-79A8-449E-A0F0-7D17051B1EEF}"
EndProject
Project("{FAE04EC0-301F-11D3-BF4B-00C04F79EFBC}") = "Courses", "Courses\Courses.csproj", "{49323B49-6E45-4977-A9E0-16ABB243AEB9}"
EndProject
Project("{FAE04EC0-301F-11D3-BF4B-00C04F79EFBC}") = "StudentAcademy", "StudentAcademy\StudentAcademy.csproj", "{F7D11098-79B6-4591-B59D-5DDEDD075A19}"
EndProject
Project("{FAE04EC0-301F-11D3-BF4B-00C04F79EFBC}") = "CompanyUsers", "CompanyUsers\CompanyUsers.csproj", "{A6725795-2B0E-4E0C-B43A-4F4BD63140CC}"
EndProject
Global
	GlobalSection(SolutionConfigurationPlatforms) = preSolution
		Debug|Any CPU = Debug|Any CPU
		Release|Any CPU = Release|Any CPU
	EndGlobalSection
	GlobalSection(ProjectConfigurationPlatforms) = postSolution
		{068887F4-463C-4577-BD58-52CB43E2E7B8}.Debug|Any CPU.ActiveCfg = Debug|Any CPU
		{068887F4-463C-4577-BD58-52CB43E2E7B8}.Debug|Any CPU.Build.0 = Debug|Any CPU
		{068887F4-463C-4577-BD58-52CB43E2E7B8}.Release|Any CPU.ActiveCfg = Release|Any CPU
		{068887F4-463C-4577-BD58-52CB43E2E7B8}.Release|Any CPU.Build.0 = Release|Any CPU
		{FF0987ED-3132-4FEE-A6A8-6D9C99C06E0F}.Debug|Any CPU.ActiveCfg = Debug|Any CPU
		{FF0987ED-3132-4FEE-A6A8-6D9C99C06E0F}.Debug|Any CPU.Build.0 = Debug|Any CPU
		{FF0987ED-3132-4FEE-A6A8-6D9C99C06E0F}.Release|Any CPU.ActiveCfg = Release|Any CPU
		{FF0987ED-3132-4FEE-A6A8-6D9C99C06E0F}.Release|Any CPU.Build.0 = Release|Any CPU
		{D525C821-C20D-453B-88AB-ADEED7126153}.Debug|Any CPU.ActiveCfg = Debug|Any CPU
		{D525C821-C20D-453B-88AB-ADEED7126153}.Debug|Any CPU.Build.0 = Debug|Any CPU
		{D525C821-C20D-453B-88AB-ADEED7126153}.Release|Any CPU.ActiveCfg = Release|Any CPU
		{D525C821-C20D-453B-88AB-ADEED7126153}.Release|Any CPU.Build.0 = Release|Any CPU
		{AF53C0F1-65A0-461F-8D01-DBE1E5AAF52B}.Debug|Any CPU.ActiveCfg = Debug|Any CPU
		{AF53C0F1-65A0-461F-8D01-DBE1E5AAF52B}.Debug|Any CPU.Build.0 = Debug|Any CPU
		{AF53C0F1-65A0-461F-8D01-DBE1E5AAF52B}.Release|Any CPU.ActiveCfg = Release|Any CPU
		{AF53C0F1-65A0-461F-8D01-DBE1E5AAF52B}.Release|Any CPU.Build.0 = Release|Any CPU
		{68F66BEF-79A8-449E-A0F0-7D17051B1EEF}.Debug|Any CPU.ActiveCfg = Debug|Any CPU
		{68F66BEF-79A8-449E-A0F0-7D17051B1EEF}.Debug|Any CPU.Build.0 = Debug|Any CPU
		{68F66BEF-79A8-449E-A0F0-7D17051B1EEF}.Release|Any CPU.ActiveCfg = Release|Any CPU
		{68F66BEF-79A8-449E-A0F0-7D17051B1EEF}.Release|Any CPU.Build.0 = Release|Any CPU
		{49323B49-6E45-4977-A9E0-16ABB243AEB9}.Debug|Any CPU.ActiveCfg = Debug|Any CPU
		{49323B49-6E45-4977-A9E0-16ABB243AEB9}.Debug|Any CPU.Build.0 = Debug|Any CPU
		{49323B49-6E45-4977-A9E0-16ABB243AEB9}.Release|Any CPU.ActiveCfg = Release|Any CPU
		{49323B49-6E45-4977-A9E0-16ABB243AEB9}.Release|Any CPU.Build.0 = Release|Any CPU
		{F7D11098-79B6-4591-B59D-5DDEDD075A19}.Debug|Any CPU.ActiveCfg = Debug|Any CPU
		{F7D11098-79B6-4591-B59D-5DDEDD075A19}.Debug|Any CPU.Build.0 = Debug|Any CPU
		{F7D11098-79B6-4591-B59D-5DDEDD075A19}.Release|Any CPU.ActiveCfg = Release|Any CPU
		{F7D11098-79B6-4591-B59D-5DDEDD075A19}.Release|Any CPU.Build.0 = Release|Any CPU
		{A6725795-2B0E-4E0C-B43A-4F4BD63140CC}.Debug|Any CPU.ActiveCfg = Debug|Any CPU
		{A6725795-2B0E-4E0C-B43A-4F4BD63140CC}.Debug|Any CPU.Build.0 = Debug|Any CPU
		{A6725795-2B0E-4E0C-B43A-4F4BD63140CC}.Release|Any CPU.ActiveCfg = Release|Any CPU
		{A6725795-2B0E-4E0C-B43A-4F4BD63140CC}.Release|Any CPU.Build.0 = Release|Any CPU
	EndGlobalSection
	GlobalSection(SolutionProperties) = preSolution
		HideSolutionNode = FALSE
	EndGlobalSection
	GlobalSection(ExtensibilityGlobals) = postSolution
		SolutionGuid = {91E5C599-F9C0-42CE-8F6B-1F929CCB160D}
	EndGlobalSection
EndGlobal
