
Microsoft Visual Studio Solution File, Format Version 12.00
# Visual Studio Version 16
VisualStudioVersion = 16.0.31702.278
MinimumVisualStudioVersion = 10.0.40219.1
Project("{FAE04EC0-301F-11D3-BF4B-00C04F79EFBC}") = "TheHuntingGames", "TheHuntingGames\TheHuntingGames.csproj", "{8792A25D-030B-4EA5-8017-DA16498AB5B5}"
EndProject
Global
	GlobalSection(SolutionConfigurationPlatforms) = preSolution
		Debug|Any CPU = Debug|Any CPU
		Release|Any CPU = Release|Any CPU
	EndGlobalSection
	GlobalSection(ProjectConfigurationPlatforms) = postSolution
		{8792A25D-030B-4EA5-8017-DA16498AB5B5}.Debug|Any CPU.ActiveCfg = Debug|Any CPU
		{8792A25D-030B-4EA5-8017-DA16498AB5B5}.Debug|Any CPU.Build.0 = Debug|Any CPU
		{8792A25D-030B-4EA5-8017-DA16498AB5B5}.Release|Any CPU.ActiveCfg = Release|Any CPU
		{8792A25D-030B-4EA5-8017-DA16498AB5B5}.Release|Any CPU.Build.0 = Release|Any CPU
	EndGlobalSection
	GlobalSection(SolutionProperties) = preSolution
		HideSolutionNode = FALSE
	EndGlobalSection
	GlobalSection(ExtensibilityGlobals) = postSolution
		SolutionGuid = {1C261ED6-B503-458B-B58E-5A1242C4A58A}
	EndGlobalSection
EndGlobal
