
Microsoft Visual Studio Solution File, Format Version 12.00
# Visual Studio Version 16
VisualStudioVersion = 16.0.31702.278
MinimumVisualStudioVersion = 10.0.40219.1
Project("{9A19103F-16F7-4668-BE54-9A1E7A4F7556}") = "ExtractPersonInformation", "ExtractPersonInformation\ExtractPersonInformation.csproj", "{156A933C-CE87-45C2-83D1-4BB61A38A328}"
EndProject
Project("{9A19103F-16F7-4668-BE54-9A1E7A4F7556}") = "ASCIISumator", "ASCIISumator\ASCIISumator.csproj", "{06125FF6-9719-43D3-9621-76BA3B187E75}"
EndProject
Project("{9A19103F-16F7-4668-BE54-9A1E7A4F7556}") = "TreasureFinder", "TreasureFinder\TreasureFinder.csproj", "{CA5AB128-7BFC-4EC1-8860-306226521DF9}"
EndProject
Project("{9A19103F-16F7-4668-BE54-9A1E7A4F7556}") = "MorseCodeTranslator", "MorseCodeTranslator\MorseCodeTranslator.csproj", "{129226AD-C124-4BB4-86A3-254B57B45FD7}"
EndProject
Project("{FAE04EC0-301F-11D3-BF4B-00C04F79EFBC}") = "HTML", "HTML\HTML.csproj", "{BCEA1AA8-37CD-4991-BBD6-78C6702D518C}"
EndProject
Global
	GlobalSection(SolutionConfigurationPlatforms) = preSolution
		Debug|Any CPU = Debug|Any CPU
		Release|Any CPU = Release|Any CPU
	EndGlobalSection
	GlobalSection(ProjectConfigurationPlatforms) = postSolution
		{156A933C-CE87-45C2-83D1-4BB61A38A328}.Debug|Any CPU.ActiveCfg = Debug|Any CPU
		{156A933C-CE87-45C2-83D1-4BB61A38A328}.Debug|Any CPU.Build.0 = Debug|Any CPU
		{156A933C-CE87-45C2-83D1-4BB61A38A328}.Release|Any CPU.ActiveCfg = Release|Any CPU
		{156A933C-CE87-45C2-83D1-4BB61A38A328}.Release|Any CPU.Build.0 = Release|Any CPU
		{06125FF6-9719-43D3-9621-76BA3B187E75}.Debug|Any CPU.ActiveCfg = Debug|Any CPU
		{06125FF6-9719-43D3-9621-76BA3B187E75}.Debug|Any CPU.Build.0 = Debug|Any CPU
		{06125FF6-9719-43D3-9621-76BA3B187E75}.Release|Any CPU.ActiveCfg = Release|Any CPU
		{06125FF6-9719-43D3-9621-76BA3B187E75}.Release|Any CPU.Build.0 = Release|Any CPU
		{CA5AB128-7BFC-4EC1-8860-306226521DF9}.Debug|Any CPU.ActiveCfg = Debug|Any CPU
		{CA5AB128-7BFC-4EC1-8860-306226521DF9}.Debug|Any CPU.Build.0 = Debug|Any CPU
		{CA5AB128-7BFC-4EC1-8860-306226521DF9}.Release|Any CPU.ActiveCfg = Release|Any CPU
		{CA5AB128-7BFC-4EC1-8860-306226521DF9}.Release|Any CPU.Build.0 = Release|Any CPU
		{129226AD-C124-4BB4-86A3-254B57B45FD7}.Debug|Any CPU.ActiveCfg = Debug|Any CPU
		{129226AD-C124-4BB4-86A3-254B57B45FD7}.Debug|Any CPU.Build.0 = Debug|Any CPU
		{129226AD-C124-4BB4-86A3-254B57B45FD7}.Release|Any CPU.ActiveCfg = Release|Any CPU
		{129226AD-C124-4BB4-86A3-254B57B45FD7}.Release|Any CPU.Build.0 = Release|Any CPU
		{BCEA1AA8-37CD-4991-BBD6-78C6702D518C}.Debug|Any CPU.ActiveCfg = Debug|Any CPU
		{BCEA1AA8-37CD-4991-BBD6-78C6702D518C}.Debug|Any CPU.Build.0 = Debug|Any CPU
		{BCEA1AA8-37CD-4991-BBD6-78C6702D518C}.Release|Any CPU.ActiveCfg = Release|Any CPU
		{BCEA1AA8-37CD-4991-BBD6-78C6702D518C}.Release|Any CPU.Build.0 = Release|Any CPU
	EndGlobalSection
	GlobalSection(SolutionProperties) = preSolution
		HideSolutionNode = FALSE
	EndGlobalSection
	GlobalSection(ExtensibilityGlobals) = postSolution
		SolutionGuid = {4BE61227-5DD8-463B-88A7-1031EFB1F3B2}
	EndGlobalSection
EndGlobal
