
Microsoft Visual Studio Solution File, Format Version 12.00
# Visual Studio Version 16
VisualStudioVersion = 16.0.31702.278
MinimumVisualStudioVersion = 10.0.40219.1
Project("{9A19103F-16F7-4668-BE54-9A1E7A4F7556}") = "MatchFullName", "MatchFullName\MatchFullName.csproj", "{BCCDE940-7586-4871-81D3-E185DA910262}"
EndProject
Project("{9A19103F-16F7-4668-BE54-9A1E7A4F7556}") = "MatchPhoneNumber", "MatchPhoneNumber\MatchPhoneNumber.csproj", "{76DFC947-C045-439D-B267-61C9E3928C7F}"
EndProject
Project("{FAE04EC0-301F-11D3-BF4B-00C04F79EFBC}") = "MatchDates", "MatchDates\MatchDates.csproj", "{12E6C805-EA1D-4E57-9326-C4AA85751AE1}"
EndProject
Global
	GlobalSection(SolutionConfigurationPlatforms) = preSolution
		Debug|Any CPU = Debug|Any CPU
		Release|Any CPU = Release|Any CPU
	EndGlobalSection
	GlobalSection(ProjectConfigurationPlatforms) = postSolution
		{BCCDE940-7586-4871-81D3-E185DA910262}.Debug|Any CPU.ActiveCfg = Debug|Any CPU
		{BCCDE940-7586-4871-81D3-E185DA910262}.Debug|Any CPU.Build.0 = Debug|Any CPU
		{BCCDE940-7586-4871-81D3-E185DA910262}.Release|Any CPU.ActiveCfg = Release|Any CPU
		{BCCDE940-7586-4871-81D3-E185DA910262}.Release|Any CPU.Build.0 = Release|Any CPU
		{76DFC947-C045-439D-B267-61C9E3928C7F}.Debug|Any CPU.ActiveCfg = Debug|Any CPU
		{76DFC947-C045-439D-B267-61C9E3928C7F}.Debug|Any CPU.Build.0 = Debug|Any CPU
		{76DFC947-C045-439D-B267-61C9E3928C7F}.Release|Any CPU.ActiveCfg = Release|Any CPU
		{76DFC947-C045-439D-B267-61C9E3928C7F}.Release|Any CPU.Build.0 = Release|Any CPU
		{12E6C805-EA1D-4E57-9326-C4AA85751AE1}.Debug|Any CPU.ActiveCfg = Debug|Any CPU
		{12E6C805-EA1D-4E57-9326-C4AA85751AE1}.Debug|Any CPU.Build.0 = Debug|Any CPU
		{12E6C805-EA1D-4E57-9326-C4AA85751AE1}.Release|Any CPU.ActiveCfg = Release|Any CPU
		{12E6C805-EA1D-4E57-9326-C4AA85751AE1}.Release|Any CPU.Build.0 = Release|Any CPU
	EndGlobalSection
	GlobalSection(SolutionProperties) = preSolution
		HideSolutionNode = FALSE
	EndGlobalSection
	GlobalSection(ExtensibilityGlobals) = postSolution
		SolutionGuid = {A0E87E16-D605-4AB7-BCD3-2D63A95DFD2F}
	EndGlobalSection
EndGlobal
