
Microsoft Visual Studio Solution File, Format Version 12.00
# Visual Studio Version 16
VisualStudioVersion = 16.0.31702.278
MinimumVisualStudioVersion = 10.0.40219.1
Project("{9A19103F-16F7-4668-BE54-9A1E7A4F7556}") = "Furniture", "Furniture\Furniture.csproj", "{851F8D4F-FA13-43B8-A05A-8FDBC3ACC09D}"
EndProject
Project("{FAE04EC0-301F-11D3-BF4B-00C04F79EFBC}") = "Race", "Race\Race.csproj", "{792B5FE9-5407-466F-AD25-840DB6604736}"
EndProject
Global
	GlobalSection(SolutionConfigurationPlatforms) = preSolution
		Debug|Any CPU = Debug|Any CPU
		Release|Any CPU = Release|Any CPU
	EndGlobalSection
	GlobalSection(ProjectConfigurationPlatforms) = postSolution
		{851F8D4F-FA13-43B8-A05A-8FDBC3ACC09D}.Debug|Any CPU.ActiveCfg = Debug|Any CPU
		{851F8D4F-FA13-43B8-A05A-8FDBC3ACC09D}.Debug|Any CPU.Build.0 = Debug|Any CPU
		{851F8D4F-FA13-43B8-A05A-8FDBC3ACC09D}.Release|Any CPU.ActiveCfg = Release|Any CPU
		{851F8D4F-FA13-43B8-A05A-8FDBC3ACC09D}.Release|Any CPU.Build.0 = Release|Any CPU
		{792B5FE9-5407-466F-AD25-840DB6604736}.Debug|Any CPU.ActiveCfg = Debug|Any CPU
		{792B5FE9-5407-466F-AD25-840DB6604736}.Debug|Any CPU.Build.0 = Debug|Any CPU
		{792B5FE9-5407-466F-AD25-840DB6604736}.Release|Any CPU.ActiveCfg = Release|Any CPU
		{792B5FE9-5407-466F-AD25-840DB6604736}.Release|Any CPU.Build.0 = Release|Any CPU
	EndGlobalSection
	GlobalSection(SolutionProperties) = preSolution
		HideSolutionNode = FALSE
	EndGlobalSection
	GlobalSection(ExtensibilityGlobals) = postSolution
		SolutionGuid = {AA5AF6E8-9340-4549-BDD8-D1B2545DC214}
	EndGlobalSection
EndGlobal
