
Microsoft Visual Studio Solution File, Format Version 12.00
# Visual Studio Version 16
VisualStudioVersion = 16.0.31702.278
MinimumVisualStudioVersion = 10.0.40219.1
Project("{9A19103F-16F7-4668-BE54-9A1E7A4F7556}") = "Furniture", "Furniture\Furniture.csproj", "{851F8D4F-FA13-43B8-A05A-8FDBC3ACC09D}"
EndProject
Project("{9A19103F-16F7-4668-BE54-9A1E7A4F7556}") = "Race", "Race\Race.csproj", "{792B5FE9-5407-466F-AD25-840DB6604736}"
EndProject
Project("{9A19103F-16F7-4668-BE54-9A1E7A4F7556}") = "SoftUniBarIncome", "SoftUniBarIncome\SoftUniBarIncome.csproj", "{73B4BE03-DF72-4A45-A17D-5F2FFA7D9FAF}"
EndProject
Project("{9A19103F-16F7-4668-BE54-9A1E7A4F7556}") = "StarEnigma", "StarEnigma\StarEnigma.csproj", "{A281A267-AFCD-4E20-9781-C373D8EBB1AD}"
EndProject
Project("{9A19103F-16F7-4668-BE54-9A1E7A4F7556}") = "NetherRealms", "NetherRealms\NetherRealms.csproj", "{69307AF4-39CA-4E64-8B04-07CD9CCBA7BC}"
EndProject
Project("{FAE04EC0-301F-11D3-BF4B-00C04F79EFBC}") = "ExtractEmails", "ExtractEmails\ExtractEmails.csproj", "{739165B8-F95F-4C29-BFB9-267AFA704B27}"
EndProject
Global
	GlobalSection(SolutionConfigurationPlatforms) = preSolution
		Debug|Any CPU = Debug|Any CPU
		Release|Any CPU = Release|Any CPU
	EndGlobalSection
	GlobalSection(ProjectConfigurationPlatforms) = postSolution
		{851F8D4F-FA13-43B8-A05A-8FDBC3ACC09D}.Debug|Any CPU.ActiveCfg = Debug|Any CPU
		{851F8D4F-FA13-43B8-A05A-8FDBC3ACC09D}.Debug|Any CPU.Build.0 = Debug|Any CPU
		{851F8D4F-FA13-43B8-A05A-8FDBC3ACC09D}.Release|Any CPU.ActiveCfg = Release|Any CPU
		{851F8D4F-FA13-43B8-A05A-8FDBC3ACC09D}.Release|Any CPU.Build.0 = Release|Any CPU
		{792B5FE9-5407-466F-AD25-840DB6604736}.Debug|Any CPU.ActiveCfg = Debug|Any CPU
		{792B5FE9-5407-466F-AD25-840DB6604736}.Debug|Any CPU.Build.0 = Debug|Any CPU
		{792B5FE9-5407-466F-AD25-840DB6604736}.Release|Any CPU.ActiveCfg = Release|Any CPU
		{792B5FE9-5407-466F-AD25-840DB6604736}.Release|Any CPU.Build.0 = Release|Any CPU
		{73B4BE03-DF72-4A45-A17D-5F2FFA7D9FAF}.Debug|Any CPU.ActiveCfg = Debug|Any CPU
		{73B4BE03-DF72-4A45-A17D-5F2FFA7D9FAF}.Debug|Any CPU.Build.0 = Debug|Any CPU
		{73B4BE03-DF72-4A45-A17D-5F2FFA7D9FAF}.Release|Any CPU.ActiveCfg = Release|Any CPU
		{73B4BE03-DF72-4A45-A17D-5F2FFA7D9FAF}.Release|Any CPU.Build.0 = Release|Any CPU
		{A281A267-AFCD-4E20-9781-C373D8EBB1AD}.Debug|Any CPU.ActiveCfg = Debug|Any CPU
		{A281A267-AFCD-4E20-9781-C373D8EBB1AD}.Debug|Any CPU.Build.0 = Debug|Any CPU
		{A281A267-AFCD-4E20-9781-C373D8EBB1AD}.Release|Any CPU.ActiveCfg = Release|Any CPU
		{A281A267-AFCD-4E20-9781-C373D8EBB1AD}.Release|Any CPU.Build.0 = Release|Any CPU
		{69307AF4-39CA-4E64-8B04-07CD9CCBA7BC}.Debug|Any CPU.ActiveCfg = Debug|Any CPU
		{69307AF4-39CA-4E64-8B04-07CD9CCBA7BC}.Debug|Any CPU.Build.0 = Debug|Any CPU
		{69307AF4-39CA-4E64-8B04-07CD9CCBA7BC}.Release|Any CPU.ActiveCfg = Release|Any CPU
		{69307AF4-39CA-4E64-8B04-07CD9CCBA7BC}.Release|Any CPU.Build.0 = Release|Any CPU
		{739165B8-F95F-4C29-BFB9-267AFA704B27}.Debug|Any CPU.ActiveCfg = Debug|Any CPU
		{739165B8-F95F-4C29-BFB9-267AFA704B27}.Debug|Any CPU.Build.0 = Debug|Any CPU
		{739165B8-F95F-4C29-BFB9-267AFA704B27}.Release|Any CPU.ActiveCfg = Release|Any CPU
		{739165B8-F95F-4C29-BFB9-267AFA704B27}.Release|Any CPU.Build.0 = Release|Any CPU
	EndGlobalSection
	GlobalSection(SolutionProperties) = preSolution
		HideSolutionNode = FALSE
	EndGlobalSection
	GlobalSection(ExtensibilityGlobals) = postSolution
		SolutionGuid = {AA5AF6E8-9340-4549-BDD8-D1B2545DC214}
	EndGlobalSection
EndGlobal
