
Microsoft Visual Studio Solution File, Format Version 12.00
# Visual Studio Version 16
VisualStudioVersion = 16.0.31702.278
MinimumVisualStudioVersion = 10.0.40219.1
Project("{FAE04EC0-301F-11D3-BF4B-00C04F79EFBC}") = "SingleInheritance", "SingleInheritance\SingleInheritance.csproj", "{81954705-347A-4BD2-900D-4FC394F65E8C}"
EndProject
Global
	GlobalSection(SolutionConfigurationPlatforms) = preSolution
		Debug|Any CPU = Debug|Any CPU
		Release|Any CPU = Release|Any CPU
	EndGlobalSection
	GlobalSection(ProjectConfigurationPlatforms) = postSolution
		{81954705-347A-4BD2-900D-4FC394F65E8C}.Debug|Any CPU.ActiveCfg = Debug|Any CPU
		{81954705-347A-4BD2-900D-4FC394F65E8C}.Debug|Any CPU.Build.0 = Debug|Any CPU
		{81954705-347A-4BD2-900D-4FC394F65E8C}.Release|Any CPU.ActiveCfg = Release|Any CPU
		{81954705-347A-4BD2-900D-4FC394F65E8C}.Release|Any CPU.Build.0 = Release|Any CPU
	EndGlobalSection
	GlobalSection(SolutionProperties) = preSolution
		HideSolutionNode = FALSE
	EndGlobalSection
	GlobalSection(ExtensibilityGlobals) = postSolution
		SolutionGuid = {30AB5EE6-7791-4A06-919F-EF8BB86246D5}
	EndGlobalSection
EndGlobal
