
Microsoft Visual Studio Solution File, Format Version 12.00
# Visual Studio Version 16
VisualStudioVersion = 16.0.31702.278
MinimumVisualStudioVersion = 10.0.40219.1
Project("{9A19103F-16F7-4668-BE54-9A1E7A4F7556}") = "DefineAClassPerson", "DefineAClassPerson\DefineAClassPerson.csproj", "{90761D8A-8F3E-4265-B508-383B760A4268}"
EndProject
Project("{9A19103F-16F7-4668-BE54-9A1E7A4F7556}") = "CreatingConstructors", "CreatingConstructors\CreatingConstructors.csproj", "{4ECB2F32-F41B-46D1-AFDC-D381193098F1}"
EndProject
Project("{9A19103F-16F7-4668-BE54-9A1E7A4F7556}") = "OldestFamilyMember", "OldestFamilyMember\OldestFamilyMember.csproj", "{99B11DDE-7306-4722-83C5-3AA681C31755}"
EndProject
Project("{9A19103F-16F7-4668-BE54-9A1E7A4F7556}") = "OpinionPoll", "OpinionPoll\OpinionPoll.csproj", "{730D0A97-9DF5-4BE8-815A-754ADC74B795}"
EndProject
Project("{9A19103F-16F7-4668-BE54-9A1E7A4F7556}") = "DateModifier", "DateModifier\DateModifier.csproj", "{F4A8E5DC-1AA2-4A60-9DD1-128957C1A8B7}"
EndProject
Project("{9A19103F-16F7-4668-BE54-9A1E7A4F7556}") = "SpeedRacing", "SpeedRacing\SpeedRacing.csproj", "{88DB8C4F-A178-4615-96D1-BC5A761C0E61}"
EndProject
Project("{9A19103F-16F7-4668-BE54-9A1E7A4F7556}") = "RawData", "RawData\RawData.csproj", "{9CBB1361-378D-478F-8CC4-C0D36228E499}"
EndProject
Project("{FAE04EC0-301F-11D3-BF4B-00C04F79EFBC}") = "CarSalesman", "CarSalesman\CarSalesman.csproj", "{6AC088E4-1353-4987-921B-0BE24E8474D6}"
EndProject
Global
	GlobalSection(SolutionConfigurationPlatforms) = preSolution
		Debug|Any CPU = Debug|Any CPU
		Release|Any CPU = Release|Any CPU
	EndGlobalSection
	GlobalSection(ProjectConfigurationPlatforms) = postSolution
		{90761D8A-8F3E-4265-B508-383B760A4268}.Debug|Any CPU.ActiveCfg = Debug|Any CPU
		{90761D8A-8F3E-4265-B508-383B760A4268}.Debug|Any CPU.Build.0 = Debug|Any CPU
		{90761D8A-8F3E-4265-B508-383B760A4268}.Release|Any CPU.ActiveCfg = Release|Any CPU
		{90761D8A-8F3E-4265-B508-383B760A4268}.Release|Any CPU.Build.0 = Release|Any CPU
		{4ECB2F32-F41B-46D1-AFDC-D381193098F1}.Debug|Any CPU.ActiveCfg = Debug|Any CPU
		{4ECB2F32-F41B-46D1-AFDC-D381193098F1}.Debug|Any CPU.Build.0 = Debug|Any CPU
		{4ECB2F32-F41B-46D1-AFDC-D381193098F1}.Release|Any CPU.ActiveCfg = Release|Any CPU
		{4ECB2F32-F41B-46D1-AFDC-D381193098F1}.Release|Any CPU.Build.0 = Release|Any CPU
		{99B11DDE-7306-4722-83C5-3AA681C31755}.Debug|Any CPU.ActiveCfg = Debug|Any CPU
		{99B11DDE-7306-4722-83C5-3AA681C31755}.Debug|Any CPU.Build.0 = Debug|Any CPU
		{99B11DDE-7306-4722-83C5-3AA681C31755}.Release|Any CPU.ActiveCfg = Release|Any CPU
		{99B11DDE-7306-4722-83C5-3AA681C31755}.Release|Any CPU.Build.0 = Release|Any CPU
		{730D0A97-9DF5-4BE8-815A-754ADC74B795}.Debug|Any CPU.ActiveCfg = Debug|Any CPU
		{730D0A97-9DF5-4BE8-815A-754ADC74B795}.Debug|Any CPU.Build.0 = Debug|Any CPU
		{730D0A97-9DF5-4BE8-815A-754ADC74B795}.Release|Any CPU.ActiveCfg = Release|Any CPU
		{730D0A97-9DF5-4BE8-815A-754ADC74B795}.Release|Any CPU.Build.0 = Release|Any CPU
		{F4A8E5DC-1AA2-4A60-9DD1-128957C1A8B7}.Debug|Any CPU.ActiveCfg = Debug|Any CPU
		{F4A8E5DC-1AA2-4A60-9DD1-128957C1A8B7}.Debug|Any CPU.Build.0 = Debug|Any CPU
		{F4A8E5DC-1AA2-4A60-9DD1-128957C1A8B7}.Release|Any CPU.ActiveCfg = Release|Any CPU
		{F4A8E5DC-1AA2-4A60-9DD1-128957C1A8B7}.Release|Any CPU.Build.0 = Release|Any CPU
		{88DB8C4F-A178-4615-96D1-BC5A761C0E61}.Debug|Any CPU.ActiveCfg = Debug|Any CPU
		{88DB8C4F-A178-4615-96D1-BC5A761C0E61}.Debug|Any CPU.Build.0 = Debug|Any CPU
		{88DB8C4F-A178-4615-96D1-BC5A761C0E61}.Release|Any CPU.ActiveCfg = Release|Any CPU
		{88DB8C4F-A178-4615-96D1-BC5A761C0E61}.Release|Any CPU.Build.0 = Release|Any CPU
		{9CBB1361-378D-478F-8CC4-C0D36228E499}.Debug|Any CPU.ActiveCfg = Debug|Any CPU
		{9CBB1361-378D-478F-8CC4-C0D36228E499}.Debug|Any CPU.Build.0 = Debug|Any CPU
		{9CBB1361-378D-478F-8CC4-C0D36228E499}.Release|Any CPU.ActiveCfg = Release|Any CPU
		{9CBB1361-378D-478F-8CC4-C0D36228E499}.Release|Any CPU.Build.0 = Release|Any CPU
		{6AC088E4-1353-4987-921B-0BE24E8474D6}.Debug|Any CPU.ActiveCfg = Debug|Any CPU
		{6AC088E4-1353-4987-921B-0BE24E8474D6}.Debug|Any CPU.Build.0 = Debug|Any CPU
		{6AC088E4-1353-4987-921B-0BE24E8474D6}.Release|Any CPU.ActiveCfg = Release|Any CPU
		{6AC088E4-1353-4987-921B-0BE24E8474D6}.Release|Any CPU.Build.0 = Release|Any CPU
	EndGlobalSection
	GlobalSection(SolutionProperties) = preSolution
		HideSolutionNode = FALSE
	EndGlobalSection
	GlobalSection(ExtensibilityGlobals) = postSolution
		SolutionGuid = {9706813F-C9F8-4D21-9FD9-0410198ECD47}
	EndGlobalSection
EndGlobal
