
Microsoft Visual Studio Solution File, Format Version 12.00
# Visual Studio Version 16
VisualStudioVersion = 16.0.31702.278
MinimumVisualStudioVersion = 10.0.40219.1
Project("{9A19103F-16F7-4668-BE54-9A1E7A4F7556}") = "AdvertisementMessage", "AdvertisementMessage\AdvertisementMessage.csproj", "{7F10C868-D20E-413C-9372-4BC7A6CC8948}"
EndProject
Project("{9A19103F-16F7-4668-BE54-9A1E7A4F7556}") = "Articles", "Articles\Articles.csproj", "{49777DD9-BE7C-4E25-BC43-5C991EF6DCA3}"
EndProject
Project("{FAE04EC0-301F-11D3-BF4B-00C04F79EFBC}") = "Articles2.0", "Articles2.0\Articles2.0.csproj", "{7784A6D3-41EF-4542-8384-C5872B19DF2F}"
EndProject
Global
	GlobalSection(SolutionConfigurationPlatforms) = preSolution
		Debug|Any CPU = Debug|Any CPU
		Release|Any CPU = Release|Any CPU
	EndGlobalSection
	GlobalSection(ProjectConfigurationPlatforms) = postSolution
		{7F10C868-D20E-413C-9372-4BC7A6CC8948}.Debug|Any CPU.ActiveCfg = Debug|Any CPU
		{7F10C868-D20E-413C-9372-4BC7A6CC8948}.Debug|Any CPU.Build.0 = Debug|Any CPU
		{7F10C868-D20E-413C-9372-4BC7A6CC8948}.Release|Any CPU.ActiveCfg = Release|Any CPU
		{7F10C868-D20E-413C-9372-4BC7A6CC8948}.Release|Any CPU.Build.0 = Release|Any CPU
		{49777DD9-BE7C-4E25-BC43-5C991EF6DCA3}.Debug|Any CPU.ActiveCfg = Debug|Any CPU
		{49777DD9-BE7C-4E25-BC43-5C991EF6DCA3}.Debug|Any CPU.Build.0 = Debug|Any CPU
		{49777DD9-BE7C-4E25-BC43-5C991EF6DCA3}.Release|Any CPU.ActiveCfg = Release|Any CPU
		{49777DD9-BE7C-4E25-BC43-5C991EF6DCA3}.Release|Any CPU.Build.0 = Release|Any CPU
		{7784A6D3-41EF-4542-8384-C5872B19DF2F}.Debug|Any CPU.ActiveCfg = Debug|Any CPU
		{7784A6D3-41EF-4542-8384-C5872B19DF2F}.Debug|Any CPU.Build.0 = Debug|Any CPU
		{7784A6D3-41EF-4542-8384-C5872B19DF2F}.Release|Any CPU.ActiveCfg = Release|Any CPU
		{7784A6D3-41EF-4542-8384-C5872B19DF2F}.Release|Any CPU.Build.0 = Release|Any CPU
	EndGlobalSection
	GlobalSection(SolutionProperties) = preSolution
		HideSolutionNode = FALSE
	EndGlobalSection
	GlobalSection(ExtensibilityGlobals) = postSolution
		SolutionGuid = {F03F405F-06A8-46A2-9A74-343545547F36}
	EndGlobalSection
EndGlobal
