
Microsoft Visual Studio Solution File, Format Version 12.00
# Visual Studio Version 16
VisualStudioVersion = 16.0.31702.278
MinimumVisualStudioVersion = 10.0.40219.1
Project("{FAE04EC0-301F-11D3-BF4B-00C04F79EFBC}") = "TheHuntingGames", "TheHuntingGames\TheHuntingGames.csproj", "{C81E3320-FB62-4D54-9D0E-A89D79A53F06}"
EndProject
Project("{FAE04EC0-301F-11D3-BF4B-00C04F79EFBC}") = "SpaceTravel", "SpaceTravel\SpaceTravel.csproj", "{24A352B8-B129-471B-8AB8-0147A674B67D}"
EndProject
Project("{FAE04EC0-301F-11D3-BF4B-00C04F79EFBC}") = "PhoneShop", "PhoneShop\PhoneShop.csproj", "{D7930D98-A3D2-4C4A-865E-27B32426C843}"
EndProject
Global
	GlobalSection(SolutionConfigurationPlatforms) = preSolution
		Debug|Any CPU = Debug|Any CPU
		Release|Any CPU = Release|Any CPU
	EndGlobalSection
	GlobalSection(ProjectConfigurationPlatforms) = postSolution
		{C81E3320-FB62-4D54-9D0E-A89D79A53F06}.Debug|Any CPU.ActiveCfg = Debug|Any CPU
		{C81E3320-FB62-4D54-9D0E-A89D79A53F06}.Debug|Any CPU.Build.0 = Debug|Any CPU
		{C81E3320-FB62-4D54-9D0E-A89D79A53F06}.Release|Any CPU.ActiveCfg = Release|Any CPU
		{C81E3320-FB62-4D54-9D0E-A89D79A53F06}.Release|Any CPU.Build.0 = Release|Any CPU
		{24A352B8-B129-471B-8AB8-0147A674B67D}.Debug|Any CPU.ActiveCfg = Debug|Any CPU
		{24A352B8-B129-471B-8AB8-0147A674B67D}.Debug|Any CPU.Build.0 = Debug|Any CPU
		{24A352B8-B129-471B-8AB8-0147A674B67D}.Release|Any CPU.ActiveCfg = Release|Any CPU
		{24A352B8-B129-471B-8AB8-0147A674B67D}.Release|Any CPU.Build.0 = Release|Any CPU
		{D7930D98-A3D2-4C4A-865E-27B32426C843}.Debug|Any CPU.ActiveCfg = Debug|Any CPU
		{D7930D98-A3D2-4C4A-865E-27B32426C843}.Debug|Any CPU.Build.0 = Debug|Any CPU
		{D7930D98-A3D2-4C4A-865E-27B32426C843}.Release|Any CPU.ActiveCfg = Release|Any CPU
		{D7930D98-A3D2-4C4A-865E-27B32426C843}.Release|Any CPU.Build.0 = Release|Any CPU
	EndGlobalSection
	GlobalSection(SolutionProperties) = preSolution
		HideSolutionNode = FALSE
	EndGlobalSection
	GlobalSection(ExtensibilityGlobals) = postSolution
		SolutionGuid = {7172AD2D-276D-4DB7-AFFD-8601D8D5BFA1}
	EndGlobalSection
EndGlobal
