
Microsoft Visual Studio Solution File, Format Version 12.00
# Visual Studio 15
VisualStudioVersion = 15.0.28307.1401
MinimumVisualStudioVersion = 10.0.40219.1
Project("{FAE04EC0-301F-11D3-BF4B-00C04F79EFBC}") = "OldBooks", "OldBooks\OldBooks.csproj", "{97D5A320-6263-4D6C-BC23-758F683C00E8}"
EndProject
Project("{FAE04EC0-301F-11D3-BF4B-00C04F79EFBC}") = "ExamPreparation", "ExamPreparation\ExamPreparation.csproj", "{132E8AA1-8C47-42DC-8EC7-226A8FA4276F}"
EndProject
Project("{FAE04EC0-301F-11D3-BF4B-00C04F79EFBC}") = "Vacation", "Vacation\Vacation.csproj", "{59F6ABFB-5DC8-404D-97FA-335771C69D2B}"
EndProject
Project("{FAE04EC0-301F-11D3-BF4B-00C04F79EFBC}") = "Walking", "Walking\Walking.csproj", "{5C704919-7E23-4836-83C3-893B1916C638}"
EndProject
Project("{FAE04EC0-301F-11D3-BF4B-00C04F79EFBC}") = "Coins", "Coins\Coins.csproj", "{E3540F12-B186-4EDC-835D-28251A97ADDF}"
EndProject
Project("{FAE04EC0-301F-11D3-BF4B-00C04F79EFBC}") = "Cake", "Cake\Cake.csproj", "{BE31E183-DD27-4C4D-B7A3-2E5872B78EC0}"
EndProject
Global
	GlobalSection(SolutionConfigurationPlatforms) = preSolution
		Debug|Any CPU = Debug|Any CPU
		Release|Any CPU = Release|Any CPU
	EndGlobalSection
	GlobalSection(ProjectConfigurationPlatforms) = postSolution
		{97D5A320-6263-4D6C-BC23-758F683C00E8}.Debug|Any CPU.ActiveCfg = Debug|Any CPU
		{97D5A320-6263-4D6C-BC23-758F683C00E8}.Debug|Any CPU.Build.0 = Debug|Any CPU
		{97D5A320-6263-4D6C-BC23-758F683C00E8}.Release|Any CPU.ActiveCfg = Release|Any CPU
		{97D5A320-6263-4D6C-BC23-758F683C00E8}.Release|Any CPU.Build.0 = Release|Any CPU
		{132E8AA1-8C47-42DC-8EC7-226A8FA4276F}.Debug|Any CPU.ActiveCfg = Debug|Any CPU
		{132E8AA1-8C47-42DC-8EC7-226A8FA4276F}.Debug|Any CPU.Build.0 = Debug|Any CPU
		{132E8AA1-8C47-42DC-8EC7-226A8FA4276F}.Release|Any CPU.ActiveCfg = Release|Any CPU
		{132E8AA1-8C47-42DC-8EC7-226A8FA4276F}.Release|Any CPU.Build.0 = Release|Any CPU
		{59F6ABFB-5DC8-404D-97FA-335771C69D2B}.Debug|Any CPU.ActiveCfg = Debug|Any CPU
		{59F6ABFB-5DC8-404D-97FA-335771C69D2B}.Debug|Any CPU.Build.0 = Debug|Any CPU
		{59F6ABFB-5DC8-404D-97FA-335771C69D2B}.Release|Any CPU.ActiveCfg = Release|Any CPU
		{59F6ABFB-5DC8-404D-97FA-335771C69D2B}.Release|Any CPU.Build.0 = Release|Any CPU
		{5C704919-7E23-4836-83C3-893B1916C638}.Debug|Any CPU.ActiveCfg = Debug|Any CPU
		{5C704919-7E23-4836-83C3-893B1916C638}.Debug|Any CPU.Build.0 = Debug|Any CPU
		{5C704919-7E23-4836-83C3-893B1916C638}.Release|Any CPU.ActiveCfg = Release|Any CPU
		{5C704919-7E23-4836-83C3-893B1916C638}.Release|Any CPU.Build.0 = Release|Any CPU
		{E3540F12-B186-4EDC-835D-28251A97ADDF}.Debug|Any CPU.ActiveCfg = Debug|Any CPU
		{E3540F12-B186-4EDC-835D-28251A97ADDF}.Debug|Any CPU.Build.0 = Debug|Any CPU
		{E3540F12-B186-4EDC-835D-28251A97ADDF}.Release|Any CPU.ActiveCfg = Release|Any CPU
		{E3540F12-B186-4EDC-835D-28251A97ADDF}.Release|Any CPU.Build.0 = Release|Any CPU
		{BE31E183-DD27-4C4D-B7A3-2E5872B78EC0}.Debug|Any CPU.ActiveCfg = Debug|Any CPU
		{BE31E183-DD27-4C4D-B7A3-2E5872B78EC0}.Debug|Any CPU.Build.0 = Debug|Any CPU
		{BE31E183-DD27-4C4D-B7A3-2E5872B78EC0}.Release|Any CPU.ActiveCfg = Release|Any CPU
		{BE31E183-DD27-4C4D-B7A3-2E5872B78EC0}.Release|Any CPU.Build.0 = Release|Any CPU
	EndGlobalSection
	GlobalSection(SolutionProperties) = preSolution
		HideSolutionNode = FALSE
	EndGlobalSection
	GlobalSection(ExtensibilityGlobals) = postSolution
		SolutionGuid = {4E20FAA3-D975-45FF-9716-67BBAA60D22E}
	EndGlobalSection
EndGlobal
