
Microsoft Visual Studio Solution File, Format Version 12.00
# Visual Studio Version 16
VisualStudioVersion = 16.0.31702.278
MinimumVisualStudioVersion = 10.0.40219.1
Project("{FAE04EC0-301F-11D3-BF4B-00C04F79EFBC}") = "ReverseStrings", "ReverseStrings\ReverseStrings.csproj", "{4F4BC6CA-1EE7-48B4-B1C8-5F8C467B3C1D}"
EndProject
Global
	GlobalSection(SolutionConfigurationPlatforms) = preSolution
		Debug|Any CPU = Debug|Any CPU
		Release|Any CPU = Release|Any CPU
	EndGlobalSection
	GlobalSection(ProjectConfigurationPlatforms) = postSolution
		{4F4BC6CA-1EE7-48B4-B1C8-5F8C467B3C1D}.Debug|Any CPU.ActiveCfg = Debug|Any CPU
		{4F4BC6CA-1EE7-48B4-B1C8-5F8C467B3C1D}.Debug|Any CPU.Build.0 = Debug|Any CPU
		{4F4BC6CA-1EE7-48B4-B1C8-5F8C467B3C1D}.Release|Any CPU.ActiveCfg = Release|Any CPU
		{4F4BC6CA-1EE7-48B4-B1C8-5F8C467B3C1D}.Release|Any CPU.Build.0 = Release|Any CPU
	EndGlobalSection
	GlobalSection(SolutionProperties) = preSolution
		HideSolutionNode = FALSE
	EndGlobalSection
	GlobalSection(ExtensibilityGlobals) = postSolution
		SolutionGuid = {E57682B5-9B29-450D-9D1B-24F2CC5B4ABF}
	EndGlobalSection
EndGlobal
