
Microsoft Visual Studio Solution File, Format Version 12.00
# Visual Studio Version 16
VisualStudioVersion = 16.0.31702.278
MinimumVisualStudioVersion = 10.0.40219.1
Project("{9A19103F-16F7-4668-BE54-9A1E7A4F7556}") = "ReverseStrings", "ReverseStrings\ReverseStrings.csproj", "{4F4BC6CA-1EE7-48B4-B1C8-5F8C467B3C1D}"
EndProject
Project("{9A19103F-16F7-4668-BE54-9A1E7A4F7556}") = "StackSum", "StackSum\StackSum.csproj", "{2DD01467-02C6-43DF-A38F-F0EEE3431E00}"
EndProject
Project("{FAE04EC0-301F-11D3-BF4B-00C04F79EFBC}") = "SimpleCalculator", "SimpleCalculator\SimpleCalculator.csproj", "{0E721AA5-D9E5-458E-894F-671F00C6D23C}"
EndProject
Project("{FAE04EC0-301F-11D3-BF4B-00C04F79EFBC}") = "MatchingBrackets", "MatchingBrackets\MatchingBrackets.csproj", "{C851DF4D-F434-4864-B0F5-DE727C35E81A}"
EndProject
Project("{FAE04EC0-301F-11D3-BF4B-00C04F79EFBC}") = "PrintEvenNumbers", "PrintEvenNumbers\PrintEvenNumbers.csproj", "{37623F81-7719-4040-9575-9D5198248C11}"
EndProject
Project("{FAE04EC0-301F-11D3-BF4B-00C04F79EFBC}") = "Supermarket", "Supermarket\Supermarket.csproj", "{58FF12BC-F257-4065-BF45-1DBB9ACFDF27}"
EndProject
Project("{FAE04EC0-301F-11D3-BF4B-00C04F79EFBC}") = "HotPotato", "HotPotato\HotPotato.csproj", "{13808FD3-F909-4C37-BCB3-E1376320AC16}"
EndProject
Global
	GlobalSection(SolutionConfigurationPlatforms) = preSolution
		Debug|Any CPU = Debug|Any CPU
		Release|Any CPU = Release|Any CPU
	EndGlobalSection
	GlobalSection(ProjectConfigurationPlatforms) = postSolution
		{4F4BC6CA-1EE7-48B4-B1C8-5F8C467B3C1D}.Debug|Any CPU.ActiveCfg = Debug|Any CPU
		{4F4BC6CA-1EE7-48B4-B1C8-5F8C467B3C1D}.Debug|Any CPU.Build.0 = Debug|Any CPU
		{4F4BC6CA-1EE7-48B4-B1C8-5F8C467B3C1D}.Release|Any CPU.ActiveCfg = Release|Any CPU
		{4F4BC6CA-1EE7-48B4-B1C8-5F8C467B3C1D}.Release|Any CPU.Build.0 = Release|Any CPU
		{2DD01467-02C6-43DF-A38F-F0EEE3431E00}.Debug|Any CPU.ActiveCfg = Debug|Any CPU
		{2DD01467-02C6-43DF-A38F-F0EEE3431E00}.Debug|Any CPU.Build.0 = Debug|Any CPU
		{2DD01467-02C6-43DF-A38F-F0EEE3431E00}.Release|Any CPU.ActiveCfg = Release|Any CPU
		{2DD01467-02C6-43DF-A38F-F0EEE3431E00}.Release|Any CPU.Build.0 = Release|Any CPU
		{0E721AA5-D9E5-458E-894F-671F00C6D23C}.Debug|Any CPU.ActiveCfg = Debug|Any CPU
		{0E721AA5-D9E5-458E-894F-671F00C6D23C}.Debug|Any CPU.Build.0 = Debug|Any CPU
		{0E721AA5-D9E5-458E-894F-671F00C6D23C}.Release|Any CPU.ActiveCfg = Release|Any CPU
		{0E721AA5-D9E5-458E-894F-671F00C6D23C}.Release|Any CPU.Build.0 = Release|Any CPU
		{C851DF4D-F434-4864-B0F5-DE727C35E81A}.Debug|Any CPU.ActiveCfg = Debug|Any CPU
		{C851DF4D-F434-4864-B0F5-DE727C35E81A}.Debug|Any CPU.Build.0 = Debug|Any CPU
		{C851DF4D-F434-4864-B0F5-DE727C35E81A}.Release|Any CPU.ActiveCfg = Release|Any CPU
		{C851DF4D-F434-4864-B0F5-DE727C35E81A}.Release|Any CPU.Build.0 = Release|Any CPU
		{37623F81-7719-4040-9575-9D5198248C11}.Debug|Any CPU.ActiveCfg = Debug|Any CPU
		{37623F81-7719-4040-9575-9D5198248C11}.Debug|Any CPU.Build.0 = Debug|Any CPU
		{37623F81-7719-4040-9575-9D5198248C11}.Release|Any CPU.ActiveCfg = Release|Any CPU
		{37623F81-7719-4040-9575-9D5198248C11}.Release|Any CPU.Build.0 = Release|Any CPU
		{58FF12BC-F257-4065-BF45-1DBB9ACFDF27}.Debug|Any CPU.ActiveCfg = Debug|Any CPU
		{58FF12BC-F257-4065-BF45-1DBB9ACFDF27}.Debug|Any CPU.Build.0 = Debug|Any CPU
		{58FF12BC-F257-4065-BF45-1DBB9ACFDF27}.Release|Any CPU.ActiveCfg = Release|Any CPU
		{58FF12BC-F257-4065-BF45-1DBB9ACFDF27}.Release|Any CPU.Build.0 = Release|Any CPU
		{13808FD3-F909-4C37-BCB3-E1376320AC16}.Debug|Any CPU.ActiveCfg = Debug|Any CPU
		{13808FD3-F909-4C37-BCB3-E1376320AC16}.Debug|Any CPU.Build.0 = Debug|Any CPU
		{13808FD3-F909-4C37-BCB3-E1376320AC16}.Release|Any CPU.ActiveCfg = Release|Any CPU
		{13808FD3-F909-4C37-BCB3-E1376320AC16}.Release|Any CPU.Build.0 = Release|Any CPU
	EndGlobalSection
	GlobalSection(SolutionProperties) = preSolution
		HideSolutionNode = FALSE
	EndGlobalSection
	GlobalSection(ExtensibilityGlobals) = postSolution
		SolutionGuid = {E57682B5-9B29-450D-9D1B-24F2CC5B4ABF}
	EndGlobalSection
EndGlobal
