
Microsoft Visual Studio Solution File, Format Version 12.00
# Visual Studio Version 17
VisualStudioVersion = 17.2.32630.192
MinimumVisualStudioVersion = 10.0.40219.1
Project("{9A19103F-16F7-4668-BE54-9A1E7A4F7556}") = "EasterEggs", "EasterEggs\EasterEggs.csproj", "{F8F61E73-CDC9-4C55-89A9-F43B681AA979}"
EndProject
Project("{9A19103F-16F7-4668-BE54-9A1E7A4F7556}") = "StringManipulator", "StringManipulator\StringManipulator.csproj", "{CDF450A8-560A-4A70-97F9-F83A0BB6A64D}"
EndProject
Project("{9A19103F-16F7-4668-BE54-9A1E7A4F7556}") = "WildZoo", "WildZoo\WildZoo.csproj", "{84E56135-90A6-4D49-ABEC-BDDDD13E0C11}"
EndProject
Global
	GlobalSection(SolutionConfigurationPlatforms) = preSolution
		Debug|Any CPU = Debug|Any CPU
		Release|Any CPU = Release|Any CPU
	EndGlobalSection
	GlobalSection(ProjectConfigurationPlatforms) = postSolution
		{F8F61E73-CDC9-4C55-89A9-F43B681AA979}.Debug|Any CPU.ActiveCfg = Debug|Any CPU
		{F8F61E73-CDC9-4C55-89A9-F43B681AA979}.Debug|Any CPU.Build.0 = Debug|Any CPU
		{F8F61E73-CDC9-4C55-89A9-F43B681AA979}.Release|Any CPU.ActiveCfg = Release|Any CPU
		{F8F61E73-CDC9-4C55-89A9-F43B681AA979}.Release|Any CPU.Build.0 = Release|Any CPU
		{CDF450A8-560A-4A70-97F9-F83A0BB6A64D}.Debug|Any CPU.ActiveCfg = Debug|Any CPU
		{CDF450A8-560A-4A70-97F9-F83A0BB6A64D}.Debug|Any CPU.Build.0 = Debug|Any CPU
		{CDF450A8-560A-4A70-97F9-F83A0BB6A64D}.Release|Any CPU.ActiveCfg = Release|Any CPU
		{CDF450A8-560A-4A70-97F9-F83A0BB6A64D}.Release|Any CPU.Build.0 = Release|Any CPU
		{84E56135-90A6-4D49-ABEC-BDDDD13E0C11}.Debug|Any CPU.ActiveCfg = Debug|Any CPU
		{84E56135-90A6-4D49-ABEC-BDDDD13E0C11}.Debug|Any CPU.Build.0 = Debug|Any CPU
		{84E56135-90A6-4D49-ABEC-BDDDD13E0C11}.Release|Any CPU.ActiveCfg = Release|Any CPU
		{84E56135-90A6-4D49-ABEC-BDDDD13E0C11}.Release|Any CPU.Build.0 = Release|Any CPU
	EndGlobalSection
	GlobalSection(SolutionProperties) = preSolution
		HideSolutionNode = FALSE
	EndGlobalSection
	GlobalSection(ExtensibilityGlobals) = postSolution
		SolutionGuid = {C3F414C1-A117-4C9F-9B82-A97A53DAD040}
	EndGlobalSection
EndGlobal
